
Microsoft Visual Studio Solution File, Format Version 12.00
# Visual Studio Version 17
VisualStudioVersion = 17.3.32804.467
MinimumVisualStudioVersion = 10.0.40219.1
Project("{8BC9CEB8-8B4A-11D0-8D11-00A0C91BC942}") = "快速排序", "快速排序\快速排序.vcxproj", "{EF840770-1E3C-4969-8740-A0F02E057FC5}"
EndProject
Project("{8BC9CEB8-8B4A-11D0-8D11-00A0C91BC942}") = "归并排序", "归并排序\归并排序.vcxproj", "{9F651707-41B5-4F5C-BED0-4DD84BD4F8C7}"
EndProject
Project("{8BC9CEB8-8B4A-11D0-8D11-00A0C91BC942}") = "二分查找---模板1整数", "二分查找---模板1整数\二分查找---模板1整数.vcxproj", "{7762572C-74B2-4EC2-80F0-D1426AF52F31}"
EndProject
Project("{8BC9CEB8-8B4A-11D0-8D11-00A0C91BC942}") = "二分查找---模板2浮点数", "二分查找---模板2浮点数\二分查找---模板2浮点数.vcxproj", "{1B0CC9FF-865E-45FA-A2E0-1CDFF83C6E05}"
EndProject
Project("{8BC9CEB8-8B4A-11D0-8D11-00A0C91BC942}") = "高精度加法", "高精度加法\高精度加法.vcxproj", "{E298829E-CF1D-4D73-93CD-746B87137C3A}"
EndProject
Project("{8BC9CEB8-8B4A-11D0-8D11-00A0C91BC942}") = "二维前缀和", "二维前缀和\二维前缀和.vcxproj", "{BCA78BF7-FFCB-419B-95CE-C363E1676568}"
EndProject
Project("{8BC9CEB8-8B4A-11D0-8D11-00A0C91BC942}") = "差分数组", "差分数组\差分数组.vcxproj", "{582E8DAC-0C29-482D-88D9-4FECAB2E6A7C}"
EndProject
Project("{8BC9CEB8-8B4A-11D0-8D11-00A0C91BC942}") = "二维差分数组[adjacent_diffrent]", "二维差分数组[adjacent_diffrent]\二维差分数组[adjacent_diffrent].vcxproj", "{CCAF89ED-0806-4B7A-8ADF-10A45D9FBA3F}"
EndProject
Project("{8BC9CEB8-8B4A-11D0-8D11-00A0C91BC942}") = "双指针【简易版】", "双指针【简易版】\双指针【简易版】.vcxproj", "{8770F264-5631-4992-A6B6-9340A3F159A2}"
EndProject
Project("{8BC9CEB8-8B4A-11D0-8D11-00A0C91BC942}") = "双指针进阶【搜索区间起点】", "双指针进阶【搜索区间起点】\双指针进阶【搜索区间起点】.vcxproj", "{DF057DAB-6A2E-4289-92CB-3C12C38E330B}"
EndProject
Project("{8BC9CEB8-8B4A-11D0-8D11-00A0C91BC942}") = "位运算【计算当前数字的二进制】", "位运算【计算当前数字的二进制】\位运算【计算当前数字的二进制】.vcxproj", "{6789EFBB-6FE3-4E99-888A-A5256589BC9F}"
EndProject
Project("{8BC9CEB8-8B4A-11D0-8D11-00A0C91BC942}") = "位运算lowbit【计算二进制表示中1的个数】", "位运算lowbit【计算二进制表示中1的个数】\位运算lowbit【计算二进制表示中1的个数】.vcxproj", "{BECC3465-0684-4C7C-8A8B-CF220EAB4A62}"
EndProject
Project("{8BC9CEB8-8B4A-11D0-8D11-00A0C91BC942}") = "二进制输出补码", "二进制输出补码\二进制输出补码.vcxproj", "{0DC856ED-ECF2-4045-8C3E-31F75EFA2F35}"
EndProject
Project("{8BC9CEB8-8B4A-11D0-8D11-00A0C91BC942}") = "平台测试", "平台测试\平台测试.vcxproj", "{933DBF47-462D-458D-B8BA-7C650ABF48FC}"
EndProject
Project("{8BC9CEB8-8B4A-11D0-8D11-00A0C91BC942}") = "离散化", "离散化\离散化.vcxproj", "{337F92B6-EF38-4A0F-B55F-8EB5D6680073}"
EndProject
Project("{8BC9CEB8-8B4A-11D0-8D11-00A0C91BC942}") = "区间合并", "区间合并\区间合并.vcxproj", "{862CE3D1-3B8F-4507-BDCE-28BC7BC78752}"
EndProject
Project("{8BC9CEB8-8B4A-11D0-8D11-00A0C91BC942}") = "单链表【数组模拟】", "单链表【数组模拟】\单链表【数组模拟】.vcxproj", "{C38E0652-9481-443A-B807-92C9759FC9B7}"
EndProject
Project("{8BC9CEB8-8B4A-11D0-8D11-00A0C91BC942}") = "stimulation of doubly linked list[Part Two]", "stimulation of doubly linked list[Part Two]\stimulation of doubly linked list[Part Two].vcxproj", "{4D6F2B0D-9D1F-417D-9384-C5131BF41747}"
EndProject
Project("{8BC9CEB8-8B4A-11D0-8D11-00A0C91BC942}") = "stimulation of stack [Part Two]", "stimulation of stack [Part Two]\stimulation of stack [Part Two].vcxproj", "{0E8375F6-5E2B-4A31-B9CD-FCEFC5F82AA3}"
EndProject
Project("{8BC9CEB8-8B4A-11D0-8D11-00A0C91BC942}") = "stimulation of queue [Part Two]", "stimulation of queue [Part Two]\stimulation of queue [Part Two].vcxproj", "{E6A5D759-4D7F-496D-AB36-739D0C0668AF}"
EndProject
Project("{8BC9CEB8-8B4A-11D0-8D11-00A0C91BC942}") = "single stack[Part Two]", "single stack[Part Two]\single stack[Part Two].vcxproj", "{4D30FB91-0369-483E-AA79-B51509241EF8}"
EndProject
Project("{8BC9CEB8-8B4A-11D0-8D11-00A0C91BC942}") = "trie[Part Two]", "trie[Part Two]\trie[Part Two].vcxproj", "{28564756-D206-4D4E-B198-3F8BFD6B64F4}"
EndProject
Project("{8BC9CEB8-8B4A-11D0-8D11-00A0C91BC942}") = "KMP(BF)", "KMP(BF)\KMP(BF).vcxproj", "{6EDF148F-A8A1-42E9-AA43-617668C96A25}"
EndProject
Project("{8BC9CEB8-8B4A-11D0-8D11-00A0C91BC942}") = "KMP[ch]", "KMP[ch]\KMP[ch].vcxproj", "{396C4C79-F805-42A7-B214-1AB608168B9A}"
EndProject
Project("{8BC9CEB8-8B4A-11D0-8D11-00A0C91BC942}") = "KMP[Y]", "KMP[Y]\KMP[Y].vcxproj", "{0A41C74C-1AF7-45DC-8966-362046598D41}"
EndProject
Project("{8BC9CEB8-8B4A-11D0-8D11-00A0C91BC942}") = "Union_Find(Part Two)", "Union_Find(Part Two)\Union_Find(Part Two).vcxproj", "{4C581E65-31C6-452C-B7B0-FC48F6EC999F}"
EndProject
Project("{8BC9CEB8-8B4A-11D0-8D11-00A0C91BC942}") = "single linklist[Part Two]", "single linklist[Part Two]\single linklist[Part Two].vcxproj", "{1390EFA6-6580-4400-B73C-A678E0BEDBC1}"
EndProject
Project("{8BC9CEB8-8B4A-11D0-8D11-00A0C91BC942}") = "Hash[single-linklist]", "Hash[single-linklist]\Hash[single-linklist].vcxproj", "{F56C41D6-305E-442B-9B81-D9C7A0E2466F}"
EndProject
Project("{8BC9CEB8-8B4A-11D0-8D11-00A0C91BC942}") = "Hash[get prime number]", "Hash[get prime number]\Hash[get prime number].vcxproj", "{D9F50621-A183-4DD3-874B-CCA13C2538A5}"
EndProject
Project("{8BC9CEB8-8B4A-11D0-8D11-00A0C91BC942}") = "Hash[openly search address]", "Hash[openly search address]\Hash[openly search address].vcxproj", "{DECCF805-8FD5-44F5-8369-A8D46442DFD8}"
EndProject
Project("{8BC9CEB8-8B4A-11D0-8D11-00A0C91BC942}") = "polynomial rolling hash[Part Two]", "polynomial rolling hash[Part Two]\polynomial rolling hash[Part Two].vcxproj", "{A64E86FF-D248-464C-ABC7-24AF612AE697}"
EndProject
Project("{8BC9CEB8-8B4A-11D0-8D11-00A0C91BC942}") = "DFS[simple model]", "DFS[simple model]\DFS[simple model].vcxproj", "{7021324E-1397-42EB-B930-248938A661EB}"
EndProject
Project("{8BC9CEB8-8B4A-11D0-8D11-00A0C91BC942}") = "DFS[n-queen]", "DFS[n-queen]\DFS[n-queen].vcxproj", "{E8730E3D-083B-4198-85B2-ABD22C43976D}"
EndProject
Project("{8BC9CEB8-8B4A-11D0-8D11-00A0C91BC942}") = "DFS[n-queen and BF]", "DFS[n-queen and BF]\DFS[n-queen and BF].vcxproj", "{DA32B7FE-B816-4FFF-B0BC-DE81E2755A9E}"
EndProject
Project("{8BC9CEB8-8B4A-11D0-8D11-00A0C91BC942}") = "BFS[maze]", "BFS[maze]\BFS[maze].vcxproj", "{8F64CD80-909A-40AB-89B4-CC45C3F0CC4E}"
EndProject
Project("{8BC9CEB8-8B4A-11D0-8D11-00A0C91BC942}") = "BFS[Flood-Fill][im]", "BFS[Flood-Fill][im]\BFS[Flood-Fill][im].vcxproj", "{DD485AED-39D3-477E-9AA5-52D4A51D6814}"
EndProject
Project("{8BC9CEB8-8B4A-11D0-8D11-00A0C91BC942}") = "BFS[tree][center of gravity in tree]", "BFS[tree][center of gravity in tree]\BFS[tree][center of gravity in tree].vcxproj", "{6EE21FA5-EE3D-4572-989E-88C824C07D8F}"
EndProject
Project("{8BC9CEB8-8B4A-11D0-8D11-00A0C91BC942}") = "BFS[tree][tier of point in draw]", "BFS[tree][tier of point in draw]\BFS[tree][tier of point in draw].vcxproj", "{E9C9CCFC-9EFC-473E-AE4B-72F1EC0D1E5C}"
EndProject
Project("{8BC9CEB8-8B4A-11D0-8D11-00A0C91BC942}") = "Topological Sorting[directed acyclic graph sort]", "Topological Sorting[directed acyclic graph sort]\Topological Sorting[directed acyclic graph sort].vcxproj", "{9E14622F-D43F-4EDC-8B06-2148B3C9EB7F}"
EndProject
Project("{8BC9CEB8-8B4A-11D0-8D11-00A0C91BC942}") = "Topological Sorting [tree of genealogy]", "Topological Sorting [tree of genealogy]\Topological Sorting [tree of genealogy].vcxproj", "{D35E74F8-4381-49FD-9086-D23FD378AACC}"
EndProject
Project("{8BC9CEB8-8B4A-11D0-8D11-00A0C91BC942}") = "Dijkstra[the generic][849]", "Dijkstra[the generic][849]\Dijkstra[the generic][849].vcxproj", "{69D6951F-4605-4A2D-94B1-7D17FAE79EBD}"
EndProject
Project("{8BC9CEB8-8B4A-11D0-8D11-00A0C91BC942}") = "Dijkstra[heap optimization]", "Dijkstra[heap optimization]\Dijkstra[heap optimization].vcxproj", "{0EBB66AB-70A1-419A-AFFB-9A6C7D4EB0E8}"
EndProject
Project("{8BC9CEB8-8B4A-11D0-8D11-00A0C91BC942}") = "BellmanFord[basic]", "BellmanFord[basic]\BellmanFord[basic].vcxproj", "{70FB1694-61DB-4603-A01A-5CB68C414768}"
EndProject
Project("{8BC9CEB8-8B4A-11D0-8D11-00A0C91BC942}") = "SPFA[851]", "SPFA[851]\SPFA[851].vcxproj", "{155AD362-94CC-4E9C-9AA7-2F047332A076}"
EndProject
Project("{8BC9CEB8-8B4A-11D0-8D11-00A0C91BC942}") = "SPFA[Bellman_Ford optimization]", "SPFA[Bellman_Ford optimization]\SPFA[Bellman_Ford optimization].vcxproj", "{0EB3453C-D425-4965-BC6F-0BA58238DD86}"
EndProject
Project("{8BC9CEB8-8B4A-11D0-8D11-00A0C91BC942}") = "SPFA[judge cycle]", "SPFA[judge cycle]\SPFA[judge cycle].vcxproj", "{57320566-037D-4C0B-9AC2-261DC691F9D7}"
EndProject
Project("{8BC9CEB8-8B4A-11D0-8D11-00A0C91BC942}") = "Floyd", "Floyd\Floyd.vcxproj", "{00F2532D-945E-4F02-806E-9175A2DA6818}"
EndProject
Project("{8BC9CEB8-8B4A-11D0-8D11-00A0C91BC942}") = "Quick_Select[]", "Quick_Select[]\Quick_Select[].vcxproj", "{A4CD3B4C-132C-402B-93D4-D2720E0CC06A}"
EndProject
Project("{8BC9CEB8-8B4A-11D0-8D11-00A0C91BC942}") = "Prim[pure]", "Prim[pure]\Prim[pure].vcxproj", "{593A65AF-6C27-4725-8A44-A7A00F6BD8C5}"
EndProject
Project("{8BC9CEB8-8B4A-11D0-8D11-00A0C91BC942}") = "Kruskal[859]", "Kruskal[859]\Kruskal[859].vcxproj", "{C979E0D9-629D-497E-A7F0-E5750F895A9B}"
EndProject
Project("{8BC9CEB8-8B4A-11D0-8D11-00A0C91BC942}") = "Hungarian[861]", "Hungarian[861]\Hungarian[861].vcxproj", "{06128064-3912-4526-8DBF-9CA6E878B493}"
EndProject
Project("{8BC9CEB8-8B4A-11D0-8D11-00A0C91BC942}") = "Brush[860]", "Brush[860]\Brush[860].vcxproj", "{A0E73D50-C5FB-44E4-A2D9-1FADBDE5C004}"
EndProject
Project("{8BC9CEB8-8B4A-11D0-8D11-00A0C91BC942}") = "试除法判断质因数[缩减规模]", "试除法判断质因数[缩减规模]\试除法判断质因数[缩减规模].vcxproj", "{F37CED0B-9326-4AA2-86B1-35930CCDAA11}"
EndProject
Project("{8BC9CEB8-8B4A-11D0-8D11-00A0C91BC942}") = "分解质因数[867]", "分解质因数[867]\分解质因数[867].vcxproj", "{D41600CC-D873-4C4D-917F-6A4F3A5F367C}"
EndProject
Project("{8BC9CEB8-8B4A-11D0-8D11-00A0C91BC942}") = "筛质数[线性筛]", "筛质数[线性筛]\筛质数[线性筛].vcxproj", "{B689BAED-9989-4EEB-BF5C-927458CED6CB}"
EndProject
Project("{8BC9CEB8-8B4A-11D0-8D11-00A0C91BC942}") = "筛质数[埃氏筛]", "筛质数[埃氏筛]\筛质数[埃氏筛].vcxproj", "{3147D142-39C4-4B15-9700-3B838A8DBBA2}"
EndProject
Global
	GlobalSection(SolutionConfigurationPlatforms) = preSolution
		Debug|x64 = Debug|x64
		Debug|x86 = Debug|x86
		Release|x64 = Release|x64
		Release|x86 = Release|x86
	EndGlobalSection
	GlobalSection(ProjectConfigurationPlatforms) = postSolution
		{EF840770-1E3C-4969-8740-A0F02E057FC5}.Debug|x64.ActiveCfg = Debug|x64
		{EF840770-1E3C-4969-8740-A0F02E057FC5}.Debug|x64.Build.0 = Debug|x64
		{EF840770-1E3C-4969-8740-A0F02E057FC5}.Debug|x86.ActiveCfg = Debug|Win32
		{EF840770-1E3C-4969-8740-A0F02E057FC5}.Debug|x86.Build.0 = Debug|Win32
		{EF840770-1E3C-4969-8740-A0F02E057FC5}.Release|x64.ActiveCfg = Release|x64
		{EF840770-1E3C-4969-8740-A0F02E057FC5}.Release|x64.Build.0 = Release|x64
		{EF840770-1E3C-4969-8740-A0F02E057FC5}.Release|x86.ActiveCfg = Release|Win32
		{EF840770-1E3C-4969-8740-A0F02E057FC5}.Release|x86.Build.0 = Release|Win32
		{9F651707-41B5-4F5C-BED0-4DD84BD4F8C7}.Debug|x64.ActiveCfg = Debug|x64
		{9F651707-41B5-4F5C-BED0-4DD84BD4F8C7}.Debug|x64.Build.0 = Debug|x64
		{9F651707-41B5-4F5C-BED0-4DD84BD4F8C7}.Debug|x86.ActiveCfg = Debug|Win32
		{9F651707-41B5-4F5C-BED0-4DD84BD4F8C7}.Debug|x86.Build.0 = Debug|Win32
		{9F651707-41B5-4F5C-BED0-4DD84BD4F8C7}.Release|x64.ActiveCfg = Release|x64
		{9F651707-41B5-4F5C-BED0-4DD84BD4F8C7}.Release|x64.Build.0 = Release|x64
		{9F651707-41B5-4F5C-BED0-4DD84BD4F8C7}.Release|x86.ActiveCfg = Release|Win32
		{9F651707-41B5-4F5C-BED0-4DD84BD4F8C7}.Release|x86.Build.0 = Release|Win32
		{7762572C-74B2-4EC2-80F0-D1426AF52F31}.Debug|x64.ActiveCfg = Debug|x64
		{7762572C-74B2-4EC2-80F0-D1426AF52F31}.Debug|x64.Build.0 = Debug|x64
		{7762572C-74B2-4EC2-80F0-D1426AF52F31}.Debug|x86.ActiveCfg = Debug|Win32
		{7762572C-74B2-4EC2-80F0-D1426AF52F31}.Debug|x86.Build.0 = Debug|Win32
		{7762572C-74B2-4EC2-80F0-D1426AF52F31}.Release|x64.ActiveCfg = Release|x64
		{7762572C-74B2-4EC2-80F0-D1426AF52F31}.Release|x64.Build.0 = Release|x64
		{7762572C-74B2-4EC2-80F0-D1426AF52F31}.Release|x86.ActiveCfg = Release|Win32
		{7762572C-74B2-4EC2-80F0-D1426AF52F31}.Release|x86.Build.0 = Release|Win32
		{1B0CC9FF-865E-45FA-A2E0-1CDFF83C6E05}.Debug|x64.ActiveCfg = Debug|x64
		{1B0CC9FF-865E-45FA-A2E0-1CDFF83C6E05}.Debug|x64.Build.0 = Debug|x64
		{1B0CC9FF-865E-45FA-A2E0-1CDFF83C6E05}.Debug|x86.ActiveCfg = Debug|Win32
		{1B0CC9FF-865E-45FA-A2E0-1CDFF83C6E05}.Debug|x86.Build.0 = Debug|Win32
		{1B0CC9FF-865E-45FA-A2E0-1CDFF83C6E05}.Release|x64.ActiveCfg = Release|x64
		{1B0CC9FF-865E-45FA-A2E0-1CDFF83C6E05}.Release|x64.Build.0 = Release|x64
		{1B0CC9FF-865E-45FA-A2E0-1CDFF83C6E05}.Release|x86.ActiveCfg = Release|Win32
		{1B0CC9FF-865E-45FA-A2E0-1CDFF83C6E05}.Release|x86.Build.0 = Release|Win32
		{E298829E-CF1D-4D73-93CD-746B87137C3A}.Debug|x64.ActiveCfg = Debug|x64
		{E298829E-CF1D-4D73-93CD-746B87137C3A}.Debug|x64.Build.0 = Debug|x64
		{E298829E-CF1D-4D73-93CD-746B87137C3A}.Debug|x86.ActiveCfg = Debug|Win32
		{E298829E-CF1D-4D73-93CD-746B87137C3A}.Debug|x86.Build.0 = Debug|Win32
		{E298829E-CF1D-4D73-93CD-746B87137C3A}.Release|x64.ActiveCfg = Release|x64
		{E298829E-CF1D-4D73-93CD-746B87137C3A}.Release|x64.Build.0 = Release|x64
		{E298829E-CF1D-4D73-93CD-746B87137C3A}.Release|x86.ActiveCfg = Release|Win32
		{E298829E-CF1D-4D73-93CD-746B87137C3A}.Release|x86.Build.0 = Release|Win32
		{BCA78BF7-FFCB-419B-95CE-C363E1676568}.Debug|x64.ActiveCfg = Debug|x64
		{BCA78BF7-FFCB-419B-95CE-C363E1676568}.Debug|x64.Build.0 = Debug|x64
		{BCA78BF7-FFCB-419B-95CE-C363E1676568}.Debug|x86.ActiveCfg = Debug|Win32
		{BCA78BF7-FFCB-419B-95CE-C363E1676568}.Debug|x86.Build.0 = Debug|Win32
		{BCA78BF7-FFCB-419B-95CE-C363E1676568}.Release|x64.ActiveCfg = Release|x64
		{BCA78BF7-FFCB-419B-95CE-C363E1676568}.Release|x64.Build.0 = Release|x64
		{BCA78BF7-FFCB-419B-95CE-C363E1676568}.Release|x86.ActiveCfg = Release|Win32
		{BCA78BF7-FFCB-419B-95CE-C363E1676568}.Release|x86.Build.0 = Release|Win32
		{582E8DAC-0C29-482D-88D9-4FECAB2E6A7C}.Debug|x64.ActiveCfg = Debug|x64
		{582E8DAC-0C29-482D-88D9-4FECAB2E6A7C}.Debug|x64.Build.0 = Debug|x64
		{582E8DAC-0C29-482D-88D9-4FECAB2E6A7C}.Debug|x86.ActiveCfg = Debug|Win32
		{582E8DAC-0C29-482D-88D9-4FECAB2E6A7C}.Debug|x86.Build.0 = Debug|Win32
		{582E8DAC-0C29-482D-88D9-4FECAB2E6A7C}.Release|x64.ActiveCfg = Release|x64
		{582E8DAC-0C29-482D-88D9-4FECAB2E6A7C}.Release|x64.Build.0 = Release|x64
		{582E8DAC-0C29-482D-88D9-4FECAB2E6A7C}.Release|x86.ActiveCfg = Release|Win32
		{582E8DAC-0C29-482D-88D9-4FECAB2E6A7C}.Release|x86.Build.0 = Release|Win32
		{CCAF89ED-0806-4B7A-8ADF-10A45D9FBA3F}.Debug|x64.ActiveCfg = Debug|x64
		{CCAF89ED-0806-4B7A-8ADF-10A45D9FBA3F}.Debug|x64.Build.0 = Debug|x64
		{CCAF89ED-0806-4B7A-8ADF-10A45D9FBA3F}.Debug|x86.ActiveCfg = Debug|Win32
		{CCAF89ED-0806-4B7A-8ADF-10A45D9FBA3F}.Debug|x86.Build.0 = Debug|Win32
		{CCAF89ED-0806-4B7A-8ADF-10A45D9FBA3F}.Release|x64.ActiveCfg = Release|x64
		{CCAF89ED-0806-4B7A-8ADF-10A45D9FBA3F}.Release|x64.Build.0 = Release|x64
		{CCAF89ED-0806-4B7A-8ADF-10A45D9FBA3F}.Release|x86.ActiveCfg = Release|Win32
		{CCAF89ED-0806-4B7A-8ADF-10A45D9FBA3F}.Release|x86.Build.0 = Release|Win32
		{8770F264-5631-4992-A6B6-9340A3F159A2}.Debug|x64.ActiveCfg = Debug|x64
		{8770F264-5631-4992-A6B6-9340A3F159A2}.Debug|x64.Build.0 = Debug|x64
		{8770F264-5631-4992-A6B6-9340A3F159A2}.Debug|x86.ActiveCfg = Debug|Win32
		{8770F264-5631-4992-A6B6-9340A3F159A2}.Debug|x86.Build.0 = Debug|Win32
		{8770F264-5631-4992-A6B6-9340A3F159A2}.Release|x64.ActiveCfg = Release|x64
		{8770F264-5631-4992-A6B6-9340A3F159A2}.Release|x64.Build.0 = Release|x64
		{8770F264-5631-4992-A6B6-9340A3F159A2}.Release|x86.ActiveCfg = Release|Win32
		{8770F264-5631-4992-A6B6-9340A3F159A2}.Release|x86.Build.0 = Release|Win32
		{DF057DAB-6A2E-4289-92CB-3C12C38E330B}.Debug|x64.ActiveCfg = Debug|x64
		{DF057DAB-6A2E-4289-92CB-3C12C38E330B}.Debug|x64.Build.0 = Debug|x64
		{DF057DAB-6A2E-4289-92CB-3C12C38E330B}.Debug|x86.ActiveCfg = Debug|Win32
		{DF057DAB-6A2E-4289-92CB-3C12C38E330B}.Debug|x86.Build.0 = Debug|Win32
		{DF057DAB-6A2E-4289-92CB-3C12C38E330B}.Release|x64.ActiveCfg = Release|x64
		{DF057DAB-6A2E-4289-92CB-3C12C38E330B}.Release|x64.Build.0 = Release|x64
		{DF057DAB-6A2E-4289-92CB-3C12C38E330B}.Release|x86.ActiveCfg = Release|Win32
		{DF057DAB-6A2E-4289-92CB-3C12C38E330B}.Release|x86.Build.0 = Release|Win32
		{6789EFBB-6FE3-4E99-888A-A5256589BC9F}.Debug|x64.ActiveCfg = Debug|x64
		{6789EFBB-6FE3-4E99-888A-A5256589BC9F}.Debug|x64.Build.0 = Debug|x64
		{6789EFBB-6FE3-4E99-888A-A5256589BC9F}.Debug|x86.ActiveCfg = Debug|Win32
		{6789EFBB-6FE3-4E99-888A-A5256589BC9F}.Debug|x86.Build.0 = Debug|Win32
		{6789EFBB-6FE3-4E99-888A-A5256589BC9F}.Release|x64.ActiveCfg = Release|x64
		{6789EFBB-6FE3-4E99-888A-A5256589BC9F}.Release|x64.Build.0 = Release|x64
		{6789EFBB-6FE3-4E99-888A-A5256589BC9F}.Release|x86.ActiveCfg = Release|Win32
		{6789EFBB-6FE3-4E99-888A-A5256589BC9F}.Release|x86.Build.0 = Release|Win32
		{BECC3465-0684-4C7C-8A8B-CF220EAB4A62}.Debug|x64.ActiveCfg = Debug|x64
		{BECC3465-0684-4C7C-8A8B-CF220EAB4A62}.Debug|x64.Build.0 = Debug|x64
		{BECC3465-0684-4C7C-8A8B-CF220EAB4A62}.Debug|x86.ActiveCfg = Debug|Win32
		{BECC3465-0684-4C7C-8A8B-CF220EAB4A62}.Debug|x86.Build.0 = Debug|Win32
		{BECC3465-0684-4C7C-8A8B-CF220EAB4A62}.Release|x64.ActiveCfg = Release|x64
		{BECC3465-0684-4C7C-8A8B-CF220EAB4A62}.Release|x64.Build.0 = Release|x64
		{BECC3465-0684-4C7C-8A8B-CF220EAB4A62}.Release|x86.ActiveCfg = Release|Win32
		{BECC3465-0684-4C7C-8A8B-CF220EAB4A62}.Release|x86.Build.0 = Release|Win32
		{0DC856ED-ECF2-4045-8C3E-31F75EFA2F35}.Debug|x64.ActiveCfg = Debug|x64
		{0DC856ED-ECF2-4045-8C3E-31F75EFA2F35}.Debug|x64.Build.0 = Debug|x64
		{0DC856ED-ECF2-4045-8C3E-31F75EFA2F35}.Debug|x86.ActiveCfg = Debug|Win32
		{0DC856ED-ECF2-4045-8C3E-31F75EFA2F35}.Debug|x86.Build.0 = Debug|Win32
		{0DC856ED-ECF2-4045-8C3E-31F75EFA2F35}.Release|x64.ActiveCfg = Release|x64
		{0DC856ED-ECF2-4045-8C3E-31F75EFA2F35}.Release|x64.Build.0 = Release|x64
		{0DC856ED-ECF2-4045-8C3E-31F75EFA2F35}.Release|x86.ActiveCfg = Release|Win32
		{0DC856ED-ECF2-4045-8C3E-31F75EFA2F35}.Release|x86.Build.0 = Release|Win32
		{933DBF47-462D-458D-B8BA-7C650ABF48FC}.Debug|x64.ActiveCfg = Debug|x64
		{933DBF47-462D-458D-B8BA-7C650ABF48FC}.Debug|x64.Build.0 = Debug|x64
		{933DBF47-462D-458D-B8BA-7C650ABF48FC}.Debug|x86.ActiveCfg = Debug|Win32
		{933DBF47-462D-458D-B8BA-7C650ABF48FC}.Debug|x86.Build.0 = Debug|Win32
		{933DBF47-462D-458D-B8BA-7C650ABF48FC}.Release|x64.ActiveCfg = Release|x64
		{933DBF47-462D-458D-B8BA-7C650ABF48FC}.Release|x64.Build.0 = Release|x64
		{933DBF47-462D-458D-B8BA-7C650ABF48FC}.Release|x86.ActiveCfg = Release|Win32
		{933DBF47-462D-458D-B8BA-7C650ABF48FC}.Release|x86.Build.0 = Release|Win32
		{337F92B6-EF38-4A0F-B55F-8EB5D6680073}.Debug|x64.ActiveCfg = Debug|x64
		{337F92B6-EF38-4A0F-B55F-8EB5D6680073}.Debug|x64.Build.0 = Debug|x64
		{337F92B6-EF38-4A0F-B55F-8EB5D6680073}.Debug|x86.ActiveCfg = Debug|Win32
		{337F92B6-EF38-4A0F-B55F-8EB5D6680073}.Debug|x86.Build.0 = Debug|Win32
		{337F92B6-EF38-4A0F-B55F-8EB5D6680073}.Release|x64.ActiveCfg = Release|x64
		{337F92B6-EF38-4A0F-B55F-8EB5D6680073}.Release|x64.Build.0 = Release|x64
		{337F92B6-EF38-4A0F-B55F-8EB5D6680073}.Release|x86.ActiveCfg = Release|Win32
		{337F92B6-EF38-4A0F-B55F-8EB5D6680073}.Release|x86.Build.0 = Release|Win32
		{862CE3D1-3B8F-4507-BDCE-28BC7BC78752}.Debug|x64.ActiveCfg = Debug|x64
		{862CE3D1-3B8F-4507-BDCE-28BC7BC78752}.Debug|x64.Build.0 = Debug|x64
		{862CE3D1-3B8F-4507-BDCE-28BC7BC78752}.Debug|x86.ActiveCfg = Debug|Win32
		{862CE3D1-3B8F-4507-BDCE-28BC7BC78752}.Debug|x86.Build.0 = Debug|Win32
		{862CE3D1-3B8F-4507-BDCE-28BC7BC78752}.Release|x64.ActiveCfg = Release|x64
		{862CE3D1-3B8F-4507-BDCE-28BC7BC78752}.Release|x64.Build.0 = Release|x64
		{862CE3D1-3B8F-4507-BDCE-28BC7BC78752}.Release|x86.ActiveCfg = Release|Win32
		{862CE3D1-3B8F-4507-BDCE-28BC7BC78752}.Release|x86.Build.0 = Release|Win32
		{C38E0652-9481-443A-B807-92C9759FC9B7}.Debug|x64.ActiveCfg = Debug|x64
		{C38E0652-9481-443A-B807-92C9759FC9B7}.Debug|x64.Build.0 = Debug|x64
		{C38E0652-9481-443A-B807-92C9759FC9B7}.Debug|x86.ActiveCfg = Debug|Win32
		{C38E0652-9481-443A-B807-92C9759FC9B7}.Debug|x86.Build.0 = Debug|Win32
		{C38E0652-9481-443A-B807-92C9759FC9B7}.Release|x64.ActiveCfg = Release|x64
		{C38E0652-9481-443A-B807-92C9759FC9B7}.Release|x64.Build.0 = Release|x64
		{C38E0652-9481-443A-B807-92C9759FC9B7}.Release|x86.ActiveCfg = Release|Win32
		{C38E0652-9481-443A-B807-92C9759FC9B7}.Release|x86.Build.0 = Release|Win32
		{4D6F2B0D-9D1F-417D-9384-C5131BF41747}.Debug|x64.ActiveCfg = Debug|x64
		{4D6F2B0D-9D1F-417D-9384-C5131BF41747}.Debug|x64.Build.0 = Debug|x64
		{4D6F2B0D-9D1F-417D-9384-C5131BF41747}.Debug|x86.ActiveCfg = Debug|Win32
		{4D6F2B0D-9D1F-417D-9384-C5131BF41747}.Debug|x86.Build.0 = Debug|Win32
		{4D6F2B0D-9D1F-417D-9384-C5131BF41747}.Release|x64.ActiveCfg = Release|x64
		{4D6F2B0D-9D1F-417D-9384-C5131BF41747}.Release|x64.Build.0 = Release|x64
		{4D6F2B0D-9D1F-417D-9384-C5131BF41747}.Release|x86.ActiveCfg = Release|Win32
		{4D6F2B0D-9D1F-417D-9384-C5131BF41747}.Release|x86.Build.0 = Release|Win32
		{0E8375F6-5E2B-4A31-B9CD-FCEFC5F82AA3}.Debug|x64.ActiveCfg = Debug|x64
		{0E8375F6-5E2B-4A31-B9CD-FCEFC5F82AA3}.Debug|x64.Build.0 = Debug|x64
		{0E8375F6-5E2B-4A31-B9CD-FCEFC5F82AA3}.Debug|x86.ActiveCfg = Debug|Win32
		{0E8375F6-5E2B-4A31-B9CD-FCEFC5F82AA3}.Debug|x86.Build.0 = Debug|Win32
		{0E8375F6-5E2B-4A31-B9CD-FCEFC5F82AA3}.Release|x64.ActiveCfg = Release|x64
		{0E8375F6-5E2B-4A31-B9CD-FCEFC5F82AA3}.Release|x64.Build.0 = Release|x64
		{0E8375F6-5E2B-4A31-B9CD-FCEFC5F82AA3}.Release|x86.ActiveCfg = Release|Win32
		{0E8375F6-5E2B-4A31-B9CD-FCEFC5F82AA3}.Release|x86.Build.0 = Release|Win32
		{E6A5D759-4D7F-496D-AB36-739D0C0668AF}.Debug|x64.ActiveCfg = Debug|x64
		{E6A5D759-4D7F-496D-AB36-739D0C0668AF}.Debug|x64.Build.0 = Debug|x64
		{E6A5D759-4D7F-496D-AB36-739D0C0668AF}.Debug|x86.ActiveCfg = Debug|Win32
		{E6A5D759-4D7F-496D-AB36-739D0C0668AF}.Debug|x86.Build.0 = Debug|Win32
		{E6A5D759-4D7F-496D-AB36-739D0C0668AF}.Release|x64.ActiveCfg = Release|x64
		{E6A5D759-4D7F-496D-AB36-739D0C0668AF}.Release|x64.Build.0 = Release|x64
		{E6A5D759-4D7F-496D-AB36-739D0C0668AF}.Release|x86.ActiveCfg = Release|Win32
		{E6A5D759-4D7F-496D-AB36-739D0C0668AF}.Release|x86.Build.0 = Release|Win32
		{4D30FB91-0369-483E-AA79-B51509241EF8}.Debug|x64.ActiveCfg = Debug|x64
		{4D30FB91-0369-483E-AA79-B51509241EF8}.Debug|x64.Build.0 = Debug|x64
		{4D30FB91-0369-483E-AA79-B51509241EF8}.Debug|x86.ActiveCfg = Debug|Win32
		{4D30FB91-0369-483E-AA79-B51509241EF8}.Debug|x86.Build.0 = Debug|Win32
		{4D30FB91-0369-483E-AA79-B51509241EF8}.Release|x64.ActiveCfg = Release|x64
		{4D30FB91-0369-483E-AA79-B51509241EF8}.Release|x64.Build.0 = Release|x64
		{4D30FB91-0369-483E-AA79-B51509241EF8}.Release|x86.ActiveCfg = Release|Win32
		{4D30FB91-0369-483E-AA79-B51509241EF8}.Release|x86.Build.0 = Release|Win32
		{28564756-D206-4D4E-B198-3F8BFD6B64F4}.Debug|x64.ActiveCfg = Debug|x64
		{28564756-D206-4D4E-B198-3F8BFD6B64F4}.Debug|x64.Build.0 = Debug|x64
		{28564756-D206-4D4E-B198-3F8BFD6B64F4}.Debug|x86.ActiveCfg = Debug|Win32
		{28564756-D206-4D4E-B198-3F8BFD6B64F4}.Debug|x86.Build.0 = Debug|Win32
		{28564756-D206-4D4E-B198-3F8BFD6B64F4}.Release|x64.ActiveCfg = Release|x64
		{28564756-D206-4D4E-B198-3F8BFD6B64F4}.Release|x64.Build.0 = Release|x64
		{28564756-D206-4D4E-B198-3F8BFD6B64F4}.Release|x86.ActiveCfg = Release|Win32
		{28564756-D206-4D4E-B198-3F8BFD6B64F4}.Release|x86.Build.0 = Release|Win32
		{6EDF148F-A8A1-42E9-AA43-617668C96A25}.Debug|x64.ActiveCfg = Debug|x64
		{6EDF148F-A8A1-42E9-AA43-617668C96A25}.Debug|x64.Build.0 = Debug|x64
		{6EDF148F-A8A1-42E9-AA43-617668C96A25}.Debug|x86.ActiveCfg = Debug|Win32
		{6EDF148F-A8A1-42E9-AA43-617668C96A25}.Debug|x86.Build.0 = Debug|Win32
		{6EDF148F-A8A1-42E9-AA43-617668C96A25}.Release|x64.ActiveCfg = Release|x64
		{6EDF148F-A8A1-42E9-AA43-617668C96A25}.Release|x64.Build.0 = Release|x64
		{6EDF148F-A8A1-42E9-AA43-617668C96A25}.Release|x86.ActiveCfg = Release|Win32
		{6EDF148F-A8A1-42E9-AA43-617668C96A25}.Release|x86.Build.0 = Release|Win32
		{396C4C79-F805-42A7-B214-1AB608168B9A}.Debug|x64.ActiveCfg = Debug|x64
		{396C4C79-F805-42A7-B214-1AB608168B9A}.Debug|x64.Build.0 = Debug|x64
		{396C4C79-F805-42A7-B214-1AB608168B9A}.Debug|x86.ActiveCfg = Debug|Win32
		{396C4C79-F805-42A7-B214-1AB608168B9A}.Debug|x86.Build.0 = Debug|Win32
		{396C4C79-F805-42A7-B214-1AB608168B9A}.Release|x64.ActiveCfg = Release|x64
		{396C4C79-F805-42A7-B214-1AB608168B9A}.Release|x64.Build.0 = Release|x64
		{396C4C79-F805-42A7-B214-1AB608168B9A}.Release|x86.ActiveCfg = Release|Win32
		{396C4C79-F805-42A7-B214-1AB608168B9A}.Release|x86.Build.0 = Release|Win32
		{0A41C74C-1AF7-45DC-8966-362046598D41}.Debug|x64.ActiveCfg = Debug|x64
		{0A41C74C-1AF7-45DC-8966-362046598D41}.Debug|x64.Build.0 = Debug|x64
		{0A41C74C-1AF7-45DC-8966-362046598D41}.Debug|x86.ActiveCfg = Debug|Win32
		{0A41C74C-1AF7-45DC-8966-362046598D41}.Debug|x86.Build.0 = Debug|Win32
		{0A41C74C-1AF7-45DC-8966-362046598D41}.Release|x64.ActiveCfg = Release|x64
		{0A41C74C-1AF7-45DC-8966-362046598D41}.Release|x64.Build.0 = Release|x64
		{0A41C74C-1AF7-45DC-8966-362046598D41}.Release|x86.ActiveCfg = Release|Win32
		{0A41C74C-1AF7-45DC-8966-362046598D41}.Release|x86.Build.0 = Release|Win32
		{4C581E65-31C6-452C-B7B0-FC48F6EC999F}.Debug|x64.ActiveCfg = Debug|x64
		{4C581E65-31C6-452C-B7B0-FC48F6EC999F}.Debug|x64.Build.0 = Debug|x64
		{4C581E65-31C6-452C-B7B0-FC48F6EC999F}.Debug|x86.ActiveCfg = Debug|Win32
		{4C581E65-31C6-452C-B7B0-FC48F6EC999F}.Debug|x86.Build.0 = Debug|Win32
		{4C581E65-31C6-452C-B7B0-FC48F6EC999F}.Release|x64.ActiveCfg = Release|x64
		{4C581E65-31C6-452C-B7B0-FC48F6EC999F}.Release|x64.Build.0 = Release|x64
		{4C581E65-31C6-452C-B7B0-FC48F6EC999F}.Release|x86.ActiveCfg = Release|Win32
		{4C581E65-31C6-452C-B7B0-FC48F6EC999F}.Release|x86.Build.0 = Release|Win32
		{1390EFA6-6580-4400-B73C-A678E0BEDBC1}.Debug|x64.ActiveCfg = Debug|x64
		{1390EFA6-6580-4400-B73C-A678E0BEDBC1}.Debug|x64.Build.0 = Debug|x64
		{1390EFA6-6580-4400-B73C-A678E0BEDBC1}.Debug|x86.ActiveCfg = Debug|Win32
		{1390EFA6-6580-4400-B73C-A678E0BEDBC1}.Debug|x86.Build.0 = Debug|Win32
		{1390EFA6-6580-4400-B73C-A678E0BEDBC1}.Release|x64.ActiveCfg = Release|x64
		{1390EFA6-6580-4400-B73C-A678E0BEDBC1}.Release|x64.Build.0 = Release|x64
		{1390EFA6-6580-4400-B73C-A678E0BEDBC1}.Release|x86.ActiveCfg = Release|Win32
		{1390EFA6-6580-4400-B73C-A678E0BEDBC1}.Release|x86.Build.0 = Release|Win32
		{F56C41D6-305E-442B-9B81-D9C7A0E2466F}.Debug|x64.ActiveCfg = Debug|x64
		{F56C41D6-305E-442B-9B81-D9C7A0E2466F}.Debug|x64.Build.0 = Debug|x64
		{F56C41D6-305E-442B-9B81-D9C7A0E2466F}.Debug|x86.ActiveCfg = Debug|Win32
		{F56C41D6-305E-442B-9B81-D9C7A0E2466F}.Debug|x86.Build.0 = Debug|Win32
		{F56C41D6-305E-442B-9B81-D9C7A0E2466F}.Release|x64.ActiveCfg = Release|x64
		{F56C41D6-305E-442B-9B81-D9C7A0E2466F}.Release|x64.Build.0 = Release|x64
		{F56C41D6-305E-442B-9B81-D9C7A0E2466F}.Release|x86.ActiveCfg = Release|Win32
		{F56C41D6-305E-442B-9B81-D9C7A0E2466F}.Release|x86.Build.0 = Release|Win32
		{D9F50621-A183-4DD3-874B-CCA13C2538A5}.Debug|x64.ActiveCfg = Debug|x64
		{D9F50621-A183-4DD3-874B-CCA13C2538A5}.Debug|x64.Build.0 = Debug|x64
		{D9F50621-A183-4DD3-874B-CCA13C2538A5}.Debug|x86.ActiveCfg = Debug|Win32
		{D9F50621-A183-4DD3-874B-CCA13C2538A5}.Debug|x86.Build.0 = Debug|Win32
		{D9F50621-A183-4DD3-874B-CCA13C2538A5}.Release|x64.ActiveCfg = Release|x64
		{D9F50621-A183-4DD3-874B-CCA13C2538A5}.Release|x64.Build.0 = Release|x64
		{D9F50621-A183-4DD3-874B-CCA13C2538A5}.Release|x86.ActiveCfg = Release|Win32
		{D9F50621-A183-4DD3-874B-CCA13C2538A5}.Release|x86.Build.0 = Release|Win32
		{DECCF805-8FD5-44F5-8369-A8D46442DFD8}.Debug|x64.ActiveCfg = Debug|x64
		{DECCF805-8FD5-44F5-8369-A8D46442DFD8}.Debug|x64.Build.0 = Debug|x64
		{DECCF805-8FD5-44F5-8369-A8D46442DFD8}.Debug|x86.ActiveCfg = Debug|Win32
		{DECCF805-8FD5-44F5-8369-A8D46442DFD8}.Debug|x86.Build.0 = Debug|Win32
		{DECCF805-8FD5-44F5-8369-A8D46442DFD8}.Release|x64.ActiveCfg = Release|x64
		{DECCF805-8FD5-44F5-8369-A8D46442DFD8}.Release|x64.Build.0 = Release|x64
		{DECCF805-8FD5-44F5-8369-A8D46442DFD8}.Release|x86.ActiveCfg = Release|Win32
		{DECCF805-8FD5-44F5-8369-A8D46442DFD8}.Release|x86.Build.0 = Release|Win32
		{A64E86FF-D248-464C-ABC7-24AF612AE697}.Debug|x64.ActiveCfg = Debug|x64
		{A64E86FF-D248-464C-ABC7-24AF612AE697}.Debug|x64.Build.0 = Debug|x64
		{A64E86FF-D248-464C-ABC7-24AF612AE697}.Debug|x86.ActiveCfg = Debug|Win32
		{A64E86FF-D248-464C-ABC7-24AF612AE697}.Debug|x86.Build.0 = Debug|Win32
		{A64E86FF-D248-464C-ABC7-24AF612AE697}.Release|x64.ActiveCfg = Release|x64
		{A64E86FF-D248-464C-ABC7-24AF612AE697}.Release|x64.Build.0 = Release|x64
		{A64E86FF-D248-464C-ABC7-24AF612AE697}.Release|x86.ActiveCfg = Release|Win32
		{A64E86FF-D248-464C-ABC7-24AF612AE697}.Release|x86.Build.0 = Release|Win32
		{7021324E-1397-42EB-B930-248938A661EB}.Debug|x64.ActiveCfg = Debug|x64
		{7021324E-1397-42EB-B930-248938A661EB}.Debug|x64.Build.0 = Debug|x64
		{7021324E-1397-42EB-B930-248938A661EB}.Debug|x86.ActiveCfg = Debug|Win32
		{7021324E-1397-42EB-B930-248938A661EB}.Debug|x86.Build.0 = Debug|Win32
		{7021324E-1397-42EB-B930-248938A661EB}.Release|x64.ActiveCfg = Release|x64
		{7021324E-1397-42EB-B930-248938A661EB}.Release|x64.Build.0 = Release|x64
		{7021324E-1397-42EB-B930-248938A661EB}.Release|x86.ActiveCfg = Release|Win32
		{7021324E-1397-42EB-B930-248938A661EB}.Release|x86.Build.0 = Release|Win32
		{E8730E3D-083B-4198-85B2-ABD22C43976D}.Debug|x64.ActiveCfg = Debug|x64
		{E8730E3D-083B-4198-85B2-ABD22C43976D}.Debug|x64.Build.0 = Debug|x64
		{E8730E3D-083B-4198-85B2-ABD22C43976D}.Debug|x86.ActiveCfg = Debug|Win32
		{E8730E3D-083B-4198-85B2-ABD22C43976D}.Debug|x86.Build.0 = Debug|Win32
		{E8730E3D-083B-4198-85B2-ABD22C43976D}.Release|x64.ActiveCfg = Release|x64
		{E8730E3D-083B-4198-85B2-ABD22C43976D}.Release|x64.Build.0 = Release|x64
		{E8730E3D-083B-4198-85B2-ABD22C43976D}.Release|x86.ActiveCfg = Release|Win32
		{E8730E3D-083B-4198-85B2-ABD22C43976D}.Release|x86.Build.0 = Release|Win32
		{DA32B7FE-B816-4FFF-B0BC-DE81E2755A9E}.Debug|x64.ActiveCfg = Debug|x64
		{DA32B7FE-B816-4FFF-B0BC-DE81E2755A9E}.Debug|x64.Build.0 = Debug|x64
		{DA32B7FE-B816-4FFF-B0BC-DE81E2755A9E}.Debug|x86.ActiveCfg = Debug|Win32
		{DA32B7FE-B816-4FFF-B0BC-DE81E2755A9E}.Debug|x86.Build.0 = Debug|Win32
		{DA32B7FE-B816-4FFF-B0BC-DE81E2755A9E}.Release|x64.ActiveCfg = Release|x64
		{DA32B7FE-B816-4FFF-B0BC-DE81E2755A9E}.Release|x64.Build.0 = Release|x64
		{DA32B7FE-B816-4FFF-B0BC-DE81E2755A9E}.Release|x86.ActiveCfg = Release|Win32
		{DA32B7FE-B816-4FFF-B0BC-DE81E2755A9E}.Release|x86.Build.0 = Release|Win32
		{8F64CD80-909A-40AB-89B4-CC45C3F0CC4E}.Debug|x64.ActiveCfg = Debug|x64
		{8F64CD80-909A-40AB-89B4-CC45C3F0CC4E}.Debug|x64.Build.0 = Debug|x64
		{8F64CD80-909A-40AB-89B4-CC45C3F0CC4E}.Debug|x86.ActiveCfg = Debug|Win32
		{8F64CD80-909A-40AB-89B4-CC45C3F0CC4E}.Debug|x86.Build.0 = Debug|Win32
		{8F64CD80-909A-40AB-89B4-CC45C3F0CC4E}.Release|x64.ActiveCfg = Release|x64
		{8F64CD80-909A-40AB-89B4-CC45C3F0CC4E}.Release|x64.Build.0 = Release|x64
		{8F64CD80-909A-40AB-89B4-CC45C3F0CC4E}.Release|x86.ActiveCfg = Release|Win32
		{8F64CD80-909A-40AB-89B4-CC45C3F0CC4E}.Release|x86.Build.0 = Release|Win32
		{DD485AED-39D3-477E-9AA5-52D4A51D6814}.Debug|x64.ActiveCfg = Debug|x64
		{DD485AED-39D3-477E-9AA5-52D4A51D6814}.Debug|x64.Build.0 = Debug|x64
		{DD485AED-39D3-477E-9AA5-52D4A51D6814}.Debug|x86.ActiveCfg = Debug|Win32
		{DD485AED-39D3-477E-9AA5-52D4A51D6814}.Debug|x86.Build.0 = Debug|Win32
		{DD485AED-39D3-477E-9AA5-52D4A51D6814}.Release|x64.ActiveCfg = Release|x64
		{DD485AED-39D3-477E-9AA5-52D4A51D6814}.Release|x64.Build.0 = Release|x64
		{DD485AED-39D3-477E-9AA5-52D4A51D6814}.Release|x86.ActiveCfg = Release|Win32
		{DD485AED-39D3-477E-9AA5-52D4A51D6814}.Release|x86.Build.0 = Release|Win32
		{6EE21FA5-EE3D-4572-989E-88C824C07D8F}.Debug|x64.ActiveCfg = Debug|x64
		{6EE21FA5-EE3D-4572-989E-88C824C07D8F}.Debug|x64.Build.0 = Debug|x64
		{6EE21FA5-EE3D-4572-989E-88C824C07D8F}.Debug|x86.ActiveCfg = Debug|Win32
		{6EE21FA5-EE3D-4572-989E-88C824C07D8F}.Debug|x86.Build.0 = Debug|Win32
		{6EE21FA5-EE3D-4572-989E-88C824C07D8F}.Release|x64.ActiveCfg = Release|x64
		{6EE21FA5-EE3D-4572-989E-88C824C07D8F}.Release|x64.Build.0 = Release|x64
		{6EE21FA5-EE3D-4572-989E-88C824C07D8F}.Release|x86.ActiveCfg = Release|Win32
		{6EE21FA5-EE3D-4572-989E-88C824C07D8F}.Release|x86.Build.0 = Release|Win32
		{E9C9CCFC-9EFC-473E-AE4B-72F1EC0D1E5C}.Debug|x64.ActiveCfg = Debug|x64
		{E9C9CCFC-9EFC-473E-AE4B-72F1EC0D1E5C}.Debug|x64.Build.0 = Debug|x64
		{E9C9CCFC-9EFC-473E-AE4B-72F1EC0D1E5C}.Debug|x86.ActiveCfg = Debug|Win32
		{E9C9CCFC-9EFC-473E-AE4B-72F1EC0D1E5C}.Debug|x86.Build.0 = Debug|Win32
		{E9C9CCFC-9EFC-473E-AE4B-72F1EC0D1E5C}.Release|x64.ActiveCfg = Release|x64
		{E9C9CCFC-9EFC-473E-AE4B-72F1EC0D1E5C}.Release|x64.Build.0 = Release|x64
		{E9C9CCFC-9EFC-473E-AE4B-72F1EC0D1E5C}.Release|x86.ActiveCfg = Release|Win32
		{E9C9CCFC-9EFC-473E-AE4B-72F1EC0D1E5C}.Release|x86.Build.0 = Release|Win32
		{9E14622F-D43F-4EDC-8B06-2148B3C9EB7F}.Debug|x64.ActiveCfg = Debug|x64
		{9E14622F-D43F-4EDC-8B06-2148B3C9EB7F}.Debug|x64.Build.0 = Debug|x64
		{9E14622F-D43F-4EDC-8B06-2148B3C9EB7F}.Debug|x86.ActiveCfg = Debug|Win32
		{9E14622F-D43F-4EDC-8B06-2148B3C9EB7F}.Debug|x86.Build.0 = Debug|Win32
		{9E14622F-D43F-4EDC-8B06-2148B3C9EB7F}.Release|x64.ActiveCfg = Release|x64
		{9E14622F-D43F-4EDC-8B06-2148B3C9EB7F}.Release|x64.Build.0 = Release|x64
		{9E14622F-D43F-4EDC-8B06-2148B3C9EB7F}.Release|x86.ActiveCfg = Release|Win32
		{9E14622F-D43F-4EDC-8B06-2148B3C9EB7F}.Release|x86.Build.0 = Release|Win32
		{D35E74F8-4381-49FD-9086-D23FD378AACC}.Debug|x64.ActiveCfg = Debug|x64
		{D35E74F8-4381-49FD-9086-D23FD378AACC}.Debug|x64.Build.0 = Debug|x64
		{D35E74F8-4381-49FD-9086-D23FD378AACC}.Debug|x86.ActiveCfg = Debug|Win32
		{D35E74F8-4381-49FD-9086-D23FD378AACC}.Debug|x86.Build.0 = Debug|Win32
		{D35E74F8-4381-49FD-9086-D23FD378AACC}.Release|x64.ActiveCfg = Release|x64
		{D35E74F8-4381-49FD-9086-D23FD378AACC}.Release|x64.Build.0 = Release|x64
		{D35E74F8-4381-49FD-9086-D23FD378AACC}.Release|x86.ActiveCfg = Release|Win32
		{D35E74F8-4381-49FD-9086-D23FD378AACC}.Release|x86.Build.0 = Release|Win32
		{69D6951F-4605-4A2D-94B1-7D17FAE79EBD}.Debug|x64.ActiveCfg = Debug|x64
		{69D6951F-4605-4A2D-94B1-7D17FAE79EBD}.Debug|x64.Build.0 = Debug|x64
		{69D6951F-4605-4A2D-94B1-7D17FAE79EBD}.Debug|x86.ActiveCfg = Debug|Win32
		{69D6951F-4605-4A2D-94B1-7D17FAE79EBD}.Debug|x86.Build.0 = Debug|Win32
		{69D6951F-4605-4A2D-94B1-7D17FAE79EBD}.Release|x64.ActiveCfg = Release|x64
		{69D6951F-4605-4A2D-94B1-7D17FAE79EBD}.Release|x64.Build.0 = Release|x64
		{69D6951F-4605-4A2D-94B1-7D17FAE79EBD}.Release|x86.ActiveCfg = Release|Win32
		{69D6951F-4605-4A2D-94B1-7D17FAE79EBD}.Release|x86.Build.0 = Release|Win32
		{0EBB66AB-70A1-419A-AFFB-9A6C7D4EB0E8}.Debug|x64.ActiveCfg = Debug|x64
		{0EBB66AB-70A1-419A-AFFB-9A6C7D4EB0E8}.Debug|x64.Build.0 = Debug|x64
		{0EBB66AB-70A1-419A-AFFB-9A6C7D4EB0E8}.Debug|x86.ActiveCfg = Debug|Win32
		{0EBB66AB-70A1-419A-AFFB-9A6C7D4EB0E8}.Debug|x86.Build.0 = Debug|Win32
		{0EBB66AB-70A1-419A-AFFB-9A6C7D4EB0E8}.Release|x64.ActiveCfg = Release|x64
		{0EBB66AB-70A1-419A-AFFB-9A6C7D4EB0E8}.Release|x64.Build.0 = Release|x64
		{0EBB66AB-70A1-419A-AFFB-9A6C7D4EB0E8}.Release|x86.ActiveCfg = Release|Win32
		{0EBB66AB-70A1-419A-AFFB-9A6C7D4EB0E8}.Release|x86.Build.0 = Release|Win32
		{70FB1694-61DB-4603-A01A-5CB68C414768}.Debug|x64.ActiveCfg = Debug|x64
		{70FB1694-61DB-4603-A01A-5CB68C414768}.Debug|x64.Build.0 = Debug|x64
		{70FB1694-61DB-4603-A01A-5CB68C414768}.Debug|x86.ActiveCfg = Debug|Win32
		{70FB1694-61DB-4603-A01A-5CB68C414768}.Debug|x86.Build.0 = Debug|Win32
		{70FB1694-61DB-4603-A01A-5CB68C414768}.Release|x64.ActiveCfg = Release|x64
		{70FB1694-61DB-4603-A01A-5CB68C414768}.Release|x64.Build.0 = Release|x64
		{70FB1694-61DB-4603-A01A-5CB68C414768}.Release|x86.ActiveCfg = Release|Win32
		{70FB1694-61DB-4603-A01A-5CB68C414768}.Release|x86.Build.0 = Release|Win32
		{155AD362-94CC-4E9C-9AA7-2F047332A076}.Debug|x64.ActiveCfg = Debug|x64
		{155AD362-94CC-4E9C-9AA7-2F047332A076}.Debug|x64.Build.0 = Debug|x64
		{155AD362-94CC-4E9C-9AA7-2F047332A076}.Debug|x86.ActiveCfg = Debug|Win32
		{155AD362-94CC-4E9C-9AA7-2F047332A076}.Debug|x86.Build.0 = Debug|Win32
		{155AD362-94CC-4E9C-9AA7-2F047332A076}.Release|x64.ActiveCfg = Release|x64
		{155AD362-94CC-4E9C-9AA7-2F047332A076}.Release|x64.Build.0 = Release|x64
		{155AD362-94CC-4E9C-9AA7-2F047332A076}.Release|x86.ActiveCfg = Release|Win32
		{155AD362-94CC-4E9C-9AA7-2F047332A076}.Release|x86.Build.0 = Release|Win32
		{0EB3453C-D425-4965-BC6F-0BA58238DD86}.Debug|x64.ActiveCfg = Debug|x64
		{0EB3453C-D425-4965-BC6F-0BA58238DD86}.Debug|x64.Build.0 = Debug|x64
		{0EB3453C-D425-4965-BC6F-0BA58238DD86}.Debug|x86.ActiveCfg = Debug|Win32
		{0EB3453C-D425-4965-BC6F-0BA58238DD86}.Debug|x86.Build.0 = Debug|Win32
		{0EB3453C-D425-4965-BC6F-0BA58238DD86}.Release|x64.ActiveCfg = Release|x64
		{0EB3453C-D425-4965-BC6F-0BA58238DD86}.Release|x64.Build.0 = Release|x64
		{0EB3453C-D425-4965-BC6F-0BA58238DD86}.Release|x86.ActiveCfg = Release|Win32
		{0EB3453C-D425-4965-BC6F-0BA58238DD86}.Release|x86.Build.0 = Release|Win32
		{57320566-037D-4C0B-9AC2-261DC691F9D7}.Debug|x64.ActiveCfg = Debug|x64
		{57320566-037D-4C0B-9AC2-261DC691F9D7}.Debug|x64.Build.0 = Debug|x64
		{57320566-037D-4C0B-9AC2-261DC691F9D7}.Debug|x86.ActiveCfg = Debug|Win32
		{57320566-037D-4C0B-9AC2-261DC691F9D7}.Debug|x86.Build.0 = Debug|Win32
		{57320566-037D-4C0B-9AC2-261DC691F9D7}.Release|x64.ActiveCfg = Release|x64
		{57320566-037D-4C0B-9AC2-261DC691F9D7}.Release|x64.Build.0 = Release|x64
		{57320566-037D-4C0B-9AC2-261DC691F9D7}.Release|x86.ActiveCfg = Release|Win32
		{57320566-037D-4C0B-9AC2-261DC691F9D7}.Release|x86.Build.0 = Release|Win32
		{00F2532D-945E-4F02-806E-9175A2DA6818}.Debug|x64.ActiveCfg = Debug|x64
		{00F2532D-945E-4F02-806E-9175A2DA6818}.Debug|x64.Build.0 = Debug|x64
		{00F2532D-945E-4F02-806E-9175A2DA6818}.Debug|x86.ActiveCfg = Debug|Win32
		{00F2532D-945E-4F02-806E-9175A2DA6818}.Debug|x86.Build.0 = Debug|Win32
		{00F2532D-945E-4F02-806E-9175A2DA6818}.Release|x64.ActiveCfg = Release|x64
		{00F2532D-945E-4F02-806E-9175A2DA6818}.Release|x64.Build.0 = Release|x64
		{00F2532D-945E-4F02-806E-9175A2DA6818}.Release|x86.ActiveCfg = Release|Win32
		{00F2532D-945E-4F02-806E-9175A2DA6818}.Release|x86.Build.0 = Release|Win32
		{A4CD3B4C-132C-402B-93D4-D2720E0CC06A}.Debug|x64.ActiveCfg = Debug|x64
		{A4CD3B4C-132C-402B-93D4-D2720E0CC06A}.Debug|x64.Build.0 = Debug|x64
		{A4CD3B4C-132C-402B-93D4-D2720E0CC06A}.Debug|x86.ActiveCfg = Debug|Win32
		{A4CD3B4C-132C-402B-93D4-D2720E0CC06A}.Debug|x86.Build.0 = Debug|Win32
		{A4CD3B4C-132C-402B-93D4-D2720E0CC06A}.Release|x64.ActiveCfg = Release|x64
		{A4CD3B4C-132C-402B-93D4-D2720E0CC06A}.Release|x64.Build.0 = Release|x64
		{A4CD3B4C-132C-402B-93D4-D2720E0CC06A}.Release|x86.ActiveCfg = Release|Win32
		{A4CD3B4C-132C-402B-93D4-D2720E0CC06A}.Release|x86.Build.0 = Release|Win32
		{593A65AF-6C27-4725-8A44-A7A00F6BD8C5}.Debug|x64.ActiveCfg = Debug|x64
		{593A65AF-6C27-4725-8A44-A7A00F6BD8C5}.Debug|x64.Build.0 = Debug|x64
		{593A65AF-6C27-4725-8A44-A7A00F6BD8C5}.Debug|x86.ActiveCfg = Debug|Win32
		{593A65AF-6C27-4725-8A44-A7A00F6BD8C5}.Debug|x86.Build.0 = Debug|Win32
		{593A65AF-6C27-4725-8A44-A7A00F6BD8C5}.Release|x64.ActiveCfg = Release|x64
		{593A65AF-6C27-4725-8A44-A7A00F6BD8C5}.Release|x64.Build.0 = Release|x64
		{593A65AF-6C27-4725-8A44-A7A00F6BD8C5}.Release|x86.ActiveCfg = Release|Win32
		{593A65AF-6C27-4725-8A44-A7A00F6BD8C5}.Release|x86.Build.0 = Release|Win32
		{C979E0D9-629D-497E-A7F0-E5750F895A9B}.Debug|x64.ActiveCfg = Debug|x64
		{C979E0D9-629D-497E-A7F0-E5750F895A9B}.Debug|x64.Build.0 = Debug|x64
		{C979E0D9-629D-497E-A7F0-E5750F895A9B}.Debug|x86.ActiveCfg = Debug|Win32
		{C979E0D9-629D-497E-A7F0-E5750F895A9B}.Debug|x86.Build.0 = Debug|Win32
		{C979E0D9-629D-497E-A7F0-E5750F895A9B}.Release|x64.ActiveCfg = Release|x64
		{C979E0D9-629D-497E-A7F0-E5750F895A9B}.Release|x64.Build.0 = Release|x64
		{C979E0D9-629D-497E-A7F0-E5750F895A9B}.Release|x86.ActiveCfg = Release|Win32
		{C979E0D9-629D-497E-A7F0-E5750F895A9B}.Release|x86.Build.0 = Release|Win32
		{06128064-3912-4526-8DBF-9CA6E878B493}.Debug|x64.ActiveCfg = Debug|x64
		{06128064-3912-4526-8DBF-9CA6E878B493}.Debug|x64.Build.0 = Debug|x64
		{06128064-3912-4526-8DBF-9CA6E878B493}.Debug|x86.ActiveCfg = Debug|Win32
		{06128064-3912-4526-8DBF-9CA6E878B493}.Debug|x86.Build.0 = Debug|Win32
		{06128064-3912-4526-8DBF-9CA6E878B493}.Release|x64.ActiveCfg = Release|x64
		{06128064-3912-4526-8DBF-9CA6E878B493}.Release|x64.Build.0 = Release|x64
		{06128064-3912-4526-8DBF-9CA6E878B493}.Release|x86.ActiveCfg = Release|Win32
		{06128064-3912-4526-8DBF-9CA6E878B493}.Release|x86.Build.0 = Release|Win32
		{A0E73D50-C5FB-44E4-A2D9-1FADBDE5C004}.Debug|x64.ActiveCfg = Debug|x64
		{A0E73D50-C5FB-44E4-A2D9-1FADBDE5C004}.Debug|x64.Build.0 = Debug|x64
		{A0E73D50-C5FB-44E4-A2D9-1FADBDE5C004}.Debug|x86.ActiveCfg = Debug|Win32
		{A0E73D50-C5FB-44E4-A2D9-1FADBDE5C004}.Debug|x86.Build.0 = Debug|Win32
		{A0E73D50-C5FB-44E4-A2D9-1FADBDE5C004}.Release|x64.ActiveCfg = Release|x64
		{A0E73D50-C5FB-44E4-A2D9-1FADBDE5C004}.Release|x64.Build.0 = Release|x64
		{A0E73D50-C5FB-44E4-A2D9-1FADBDE5C004}.Release|x86.ActiveCfg = Release|Win32
		{A0E73D50-C5FB-44E4-A2D9-1FADBDE5C004}.Release|x86.Build.0 = Release|Win32
		{F37CED0B-9326-4AA2-86B1-35930CCDAA11}.Debug|x64.ActiveCfg = Debug|x64
		{F37CED0B-9326-4AA2-86B1-35930CCDAA11}.Debug|x64.Build.0 = Debug|x64
		{F37CED0B-9326-4AA2-86B1-35930CCDAA11}.Debug|x86.ActiveCfg = Debug|Win32
		{F37CED0B-9326-4AA2-86B1-35930CCDAA11}.Debug|x86.Build.0 = Debug|Win32
		{F37CED0B-9326-4AA2-86B1-35930CCDAA11}.Release|x64.ActiveCfg = Release|x64
		{F37CED0B-9326-4AA2-86B1-35930CCDAA11}.Release|x64.Build.0 = Release|x64
		{F37CED0B-9326-4AA2-86B1-35930CCDAA11}.Release|x86.ActiveCfg = Release|Win32
		{F37CED0B-9326-4AA2-86B1-35930CCDAA11}.Release|x86.Build.0 = Release|Win32
		{D41600CC-D873-4C4D-917F-6A4F3A5F367C}.Debug|x64.ActiveCfg = Debug|x64
		{D41600CC-D873-4C4D-917F-6A4F3A5F367C}.Debug|x64.Build.0 = Debug|x64
		{D41600CC-D873-4C4D-917F-6A4F3A5F367C}.Debug|x86.ActiveCfg = Debug|Win32
		{D41600CC-D873-4C4D-917F-6A4F3A5F367C}.Debug|x86.Build.0 = Debug|Win32
		{D41600CC-D873-4C4D-917F-6A4F3A5F367C}.Release|x64.ActiveCfg = Release|x64
		{D41600CC-D873-4C4D-917F-6A4F3A5F367C}.Release|x64.Build.0 = Release|x64
		{D41600CC-D873-4C4D-917F-6A4F3A5F367C}.Release|x86.ActiveCfg = Release|Win32
		{D41600CC-D873-4C4D-917F-6A4F3A5F367C}.Release|x86.Build.0 = Release|Win32
		{B689BAED-9989-4EEB-BF5C-927458CED6CB}.Debug|x64.ActiveCfg = Debug|x64
		{B689BAED-9989-4EEB-BF5C-927458CED6CB}.Debug|x64.Build.0 = Debug|x64
		{B689BAED-9989-4EEB-BF5C-927458CED6CB}.Debug|x86.ActiveCfg = Debug|Win32
		{B689BAED-9989-4EEB-BF5C-927458CED6CB}.Debug|x86.Build.0 = Debug|Win32
		{B689BAED-9989-4EEB-BF5C-927458CED6CB}.Release|x64.ActiveCfg = Release|x64
		{B689BAED-9989-4EEB-BF5C-927458CED6CB}.Release|x64.Build.0 = Release|x64
		{B689BAED-9989-4EEB-BF5C-927458CED6CB}.Release|x86.ActiveCfg = Release|Win32
		{B689BAED-9989-4EEB-BF5C-927458CED6CB}.Release|x86.Build.0 = Release|Win32
		{3147D142-39C4-4B15-9700-3B838A8DBBA2}.Debug|x64.ActiveCfg = Debug|x64
		{3147D142-39C4-4B15-9700-3B838A8DBBA2}.Debug|x64.Build.0 = Debug|x64
		{3147D142-39C4-4B15-9700-3B838A8DBBA2}.Debug|x86.ActiveCfg = Debug|Win32
		{3147D142-39C4-4B15-9700-3B838A8DBBA2}.Debug|x86.Build.0 = Debug|Win32
		{3147D142-39C4-4B15-9700-3B838A8DBBA2}.Release|x64.ActiveCfg = Release|x64
		{3147D142-39C4-4B15-9700-3B838A8DBBA2}.Release|x64.Build.0 = Release|x64
		{3147D142-39C4-4B15-9700-3B838A8DBBA2}.Release|x86.ActiveCfg = Release|Win32
		{3147D142-39C4-4B15-9700-3B838A8DBBA2}.Release|x86.Build.0 = Release|Win32
	EndGlobalSection
	GlobalSection(SolutionProperties) = preSolution
		HideSolutionNode = FALSE
	EndGlobalSection
	GlobalSection(ExtensibilityGlobals) = postSolution
		SolutionGuid = {B72990AB-0286-4044-BAC8-424363B1F3AD}
	EndGlobalSection
EndGlobal
