
Microsoft Visual Studio Solution File, Format Version 12.00
# Visual Studio Version 17
VisualStudioVersion = 17.3.32804.467
MinimumVisualStudioVersion = 10.0.40219.1
Project("{8BC9CEB8-8B4A-11D0-8D11-00A0C91BC942}") = "快速排序", "快速排序\快速排序.vcxproj", "{EF840770-1E3C-4969-8740-A0F02E057FC5}"
EndProject
Project("{8BC9CEB8-8B4A-11D0-8D11-00A0C91BC942}") = "归并排序", "归并排序\归并排序.vcxproj", "{9F651707-41B5-4F5C-BED0-4DD84BD4F8C7}"
EndProject
Project("{8BC9CEB8-8B4A-11D0-8D11-00A0C91BC942}") = "二分查找---模板1整数", "二分查找---模板1整数\二分查找---模板1整数.vcxproj", "{7762572C-74B2-4EC2-80F0-D1426AF52F31}"
EndProject
Project("{8BC9CEB8-8B4A-11D0-8D11-00A0C91BC942}") = "二分查找---模板2浮点数", "二分查找---模板2浮点数\二分查找---模板2浮点数.vcxproj", "{1B0CC9FF-865E-45FA-A2E0-1CDFF83C6E05}"
EndProject
Project("{8BC9CEB8-8B4A-11D0-8D11-00A0C91BC942}") = "高精度加法", "高精度加法\高精度加法.vcxproj", "{E298829E-CF1D-4D73-93CD-746B87137C3A}"
EndProject
Project("{8BC9CEB8-8B4A-11D0-8D11-00A0C91BC942}") = "二维前缀和", "二维前缀和\二维前缀和.vcxproj", "{BCA78BF7-FFCB-419B-95CE-C363E1676568}"
EndProject
Project("{8BC9CEB8-8B4A-11D0-8D11-00A0C91BC942}") = "差分数组", "差分数组\差分数组.vcxproj", "{582E8DAC-0C29-482D-88D9-4FECAB2E6A7C}"
EndProject
Project("{8BC9CEB8-8B4A-11D0-8D11-00A0C91BC942}") = "二维差分数组[adjacent_diffrent]", "二维差分数组[adjacent_diffrent]\二维差分数组[adjacent_diffrent].vcxproj", "{CCAF89ED-0806-4B7A-8ADF-10A45D9FBA3F}"
EndProject
Project("{8BC9CEB8-8B4A-11D0-8D11-00A0C91BC942}") = "双指针【简易版】", "双指针【简易版】\双指针【简易版】.vcxproj", "{8770F264-5631-4992-A6B6-9340A3F159A2}"
EndProject
Project("{8BC9CEB8-8B4A-11D0-8D11-00A0C91BC942}") = "双指针进阶【搜索区间起点】", "双指针进阶【搜索区间起点】\双指针进阶【搜索区间起点】.vcxproj", "{DF057DAB-6A2E-4289-92CB-3C12C38E330B}"
EndProject
Project("{8BC9CEB8-8B4A-11D0-8D11-00A0C91BC942}") = "位运算【计算当前数字的二进制】", "位运算【计算当前数字的二进制】\位运算【计算当前数字的二进制】.vcxproj", "{6789EFBB-6FE3-4E99-888A-A5256589BC9F}"
EndProject
Project("{8BC9CEB8-8B4A-11D0-8D11-00A0C91BC942}") = "位运算lowbit【计算二进制表示中1的个数】", "位运算lowbit【计算二进制表示中1的个数】\位运算lowbit【计算二进制表示中1的个数】.vcxproj", "{BECC3465-0684-4C7C-8A8B-CF220EAB4A62}"
EndProject
Project("{8BC9CEB8-8B4A-11D0-8D11-00A0C91BC942}") = "二进制输出补码", "二进制输出补码\二进制输出补码.vcxproj", "{0DC856ED-ECF2-4045-8C3E-31F75EFA2F35}"
EndProject
Project("{8BC9CEB8-8B4A-11D0-8D11-00A0C91BC942}") = "平台测试", "平台测试\平台测试.vcxproj", "{933DBF47-462D-458D-B8BA-7C650ABF48FC}"
EndProject
Project("{8BC9CEB8-8B4A-11D0-8D11-00A0C91BC942}") = "离散化", "离散化\离散化.vcxproj", "{337F92B6-EF38-4A0F-B55F-8EB5D6680073}"
EndProject
Project("{8BC9CEB8-8B4A-11D0-8D11-00A0C91BC942}") = "区间合并", "区间合并\区间合并.vcxproj", "{862CE3D1-3B8F-4507-BDCE-28BC7BC78752}"
EndProject
Project("{8BC9CEB8-8B4A-11D0-8D11-00A0C91BC942}") = "单链表【数组模拟】", "单链表【数组模拟】\单链表【数组模拟】.vcxproj", "{C38E0652-9481-443A-B807-92C9759FC9B7}"
EndProject
Project("{8BC9CEB8-8B4A-11D0-8D11-00A0C91BC942}") = "stimulation of doubly linked list[Part Two]", "stimulation of doubly linked list[Part Two]\stimulation of doubly linked list[Part Two].vcxproj", "{4D6F2B0D-9D1F-417D-9384-C5131BF41747}"
EndProject
Project("{8BC9CEB8-8B4A-11D0-8D11-00A0C91BC942}") = "stimulation of stack [Part Two]", "stimulation of stack [Part Two]\stimulation of stack [Part Two].vcxproj", "{0E8375F6-5E2B-4A31-B9CD-FCEFC5F82AA3}"
EndProject
Project("{8BC9CEB8-8B4A-11D0-8D11-00A0C91BC942}") = "stimulation of queue [Part Two]", "stimulation of queue [Part Two]\stimulation of queue [Part Two].vcxproj", "{E6A5D759-4D7F-496D-AB36-739D0C0668AF}"
EndProject
Project("{8BC9CEB8-8B4A-11D0-8D11-00A0C91BC942}") = "single stack[Part Two]", "single stack[Part Two]\single stack[Part Two].vcxproj", "{4D30FB91-0369-483E-AA79-B51509241EF8}"
EndProject
Project("{8BC9CEB8-8B4A-11D0-8D11-00A0C91BC942}") = "trie[Part Two]", "trie[Part Two]\trie[Part Two].vcxproj", "{28564756-D206-4D4E-B198-3F8BFD6B64F4}"
EndProject
Project("{8BC9CEB8-8B4A-11D0-8D11-00A0C91BC942}") = "KMP(BF)", "KMP(BF)\KMP(BF).vcxproj", "{6EDF148F-A8A1-42E9-AA43-617668C96A25}"
EndProject
Project("{8BC9CEB8-8B4A-11D0-8D11-00A0C91BC942}") = "KMP[ch]", "KMP[ch]\KMP[ch].vcxproj", "{396C4C79-F805-42A7-B214-1AB608168B9A}"
EndProject
Global
	GlobalSection(SolutionConfigurationPlatforms) = preSolution
		Debug|x64 = Debug|x64
		Debug|x86 = Debug|x86
		Release|x64 = Release|x64
		Release|x86 = Release|x86
	EndGlobalSection
	GlobalSection(ProjectConfigurationPlatforms) = postSolution
		{EF840770-1E3C-4969-8740-A0F02E057FC5}.Debug|x64.ActiveCfg = Debug|x64
		{EF840770-1E3C-4969-8740-A0F02E057FC5}.Debug|x64.Build.0 = Debug|x64
		{EF840770-1E3C-4969-8740-A0F02E057FC5}.Debug|x86.ActiveCfg = Debug|Win32
		{EF840770-1E3C-4969-8740-A0F02E057FC5}.Debug|x86.Build.0 = Debug|Win32
		{EF840770-1E3C-4969-8740-A0F02E057FC5}.Release|x64.ActiveCfg = Release|x64
		{EF840770-1E3C-4969-8740-A0F02E057FC5}.Release|x64.Build.0 = Release|x64
		{EF840770-1E3C-4969-8740-A0F02E057FC5}.Release|x86.ActiveCfg = Release|Win32
		{EF840770-1E3C-4969-8740-A0F02E057FC5}.Release|x86.Build.0 = Release|Win32
		{9F651707-41B5-4F5C-BED0-4DD84BD4F8C7}.Debug|x64.ActiveCfg = Debug|x64
		{9F651707-41B5-4F5C-BED0-4DD84BD4F8C7}.Debug|x64.Build.0 = Debug|x64
		{9F651707-41B5-4F5C-BED0-4DD84BD4F8C7}.Debug|x86.ActiveCfg = Debug|Win32
		{9F651707-41B5-4F5C-BED0-4DD84BD4F8C7}.Debug|x86.Build.0 = Debug|Win32
		{9F651707-41B5-4F5C-BED0-4DD84BD4F8C7}.Release|x64.ActiveCfg = Release|x64
		{9F651707-41B5-4F5C-BED0-4DD84BD4F8C7}.Release|x64.Build.0 = Release|x64
		{9F651707-41B5-4F5C-BED0-4DD84BD4F8C7}.Release|x86.ActiveCfg = Release|Win32
		{9F651707-41B5-4F5C-BED0-4DD84BD4F8C7}.Release|x86.Build.0 = Release|Win32
		{7762572C-74B2-4EC2-80F0-D1426AF52F31}.Debug|x64.ActiveCfg = Debug|x64
		{7762572C-74B2-4EC2-80F0-D1426AF52F31}.Debug|x64.Build.0 = Debug|x64
		{7762572C-74B2-4EC2-80F0-D1426AF52F31}.Debug|x86.ActiveCfg = Debug|Win32
		{7762572C-74B2-4EC2-80F0-D1426AF52F31}.Debug|x86.Build.0 = Debug|Win32
		{7762572C-74B2-4EC2-80F0-D1426AF52F31}.Release|x64.ActiveCfg = Release|x64
		{7762572C-74B2-4EC2-80F0-D1426AF52F31}.Release|x64.Build.0 = Release|x64
		{7762572C-74B2-4EC2-80F0-D1426AF52F31}.Release|x86.ActiveCfg = Release|Win32
		{7762572C-74B2-4EC2-80F0-D1426AF52F31}.Release|x86.Build.0 = Release|Win32
		{1B0CC9FF-865E-45FA-A2E0-1CDFF83C6E05}.Debug|x64.ActiveCfg = Debug|x64
		{1B0CC9FF-865E-45FA-A2E0-1CDFF83C6E05}.Debug|x64.Build.0 = Debug|x64
		{1B0CC9FF-865E-45FA-A2E0-1CDFF83C6E05}.Debug|x86.ActiveCfg = Debug|Win32
		{1B0CC9FF-865E-45FA-A2E0-1CDFF83C6E05}.Debug|x86.Build.0 = Debug|Win32
		{1B0CC9FF-865E-45FA-A2E0-1CDFF83C6E05}.Release|x64.ActiveCfg = Release|x64
		{1B0CC9FF-865E-45FA-A2E0-1CDFF83C6E05}.Release|x64.Build.0 = Release|x64
		{1B0CC9FF-865E-45FA-A2E0-1CDFF83C6E05}.Release|x86.ActiveCfg = Release|Win32
		{1B0CC9FF-865E-45FA-A2E0-1CDFF83C6E05}.Release|x86.Build.0 = Release|Win32
		{E298829E-CF1D-4D73-93CD-746B87137C3A}.Debug|x64.ActiveCfg = Debug|x64
		{E298829E-CF1D-4D73-93CD-746B87137C3A}.Debug|x64.Build.0 = Debug|x64
		{E298829E-CF1D-4D73-93CD-746B87137C3A}.Debug|x86.ActiveCfg = Debug|Win32
		{E298829E-CF1D-4D73-93CD-746B87137C3A}.Debug|x86.Build.0 = Debug|Win32
		{E298829E-CF1D-4D73-93CD-746B87137C3A}.Release|x64.ActiveCfg = Release|x64
		{E298829E-CF1D-4D73-93CD-746B87137C3A}.Release|x64.Build.0 = Release|x64
		{E298829E-CF1D-4D73-93CD-746B87137C3A}.Release|x86.ActiveCfg = Release|Win32
		{E298829E-CF1D-4D73-93CD-746B87137C3A}.Release|x86.Build.0 = Release|Win32
		{BCA78BF7-FFCB-419B-95CE-C363E1676568}.Debug|x64.ActiveCfg = Debug|x64
		{BCA78BF7-FFCB-419B-95CE-C363E1676568}.Debug|x64.Build.0 = Debug|x64
		{BCA78BF7-FFCB-419B-95CE-C363E1676568}.Debug|x86.ActiveCfg = Debug|Win32
		{BCA78BF7-FFCB-419B-95CE-C363E1676568}.Debug|x86.Build.0 = Debug|Win32
		{BCA78BF7-FFCB-419B-95CE-C363E1676568}.Release|x64.ActiveCfg = Release|x64
		{BCA78BF7-FFCB-419B-95CE-C363E1676568}.Release|x64.Build.0 = Release|x64
		{BCA78BF7-FFCB-419B-95CE-C363E1676568}.Release|x86.ActiveCfg = Release|Win32
		{BCA78BF7-FFCB-419B-95CE-C363E1676568}.Release|x86.Build.0 = Release|Win32
		{582E8DAC-0C29-482D-88D9-4FECAB2E6A7C}.Debug|x64.ActiveCfg = Debug|x64
		{582E8DAC-0C29-482D-88D9-4FECAB2E6A7C}.Debug|x64.Build.0 = Debug|x64
		{582E8DAC-0C29-482D-88D9-4FECAB2E6A7C}.Debug|x86.ActiveCfg = Debug|Win32
		{582E8DAC-0C29-482D-88D9-4FECAB2E6A7C}.Debug|x86.Build.0 = Debug|Win32
		{582E8DAC-0C29-482D-88D9-4FECAB2E6A7C}.Release|x64.ActiveCfg = Release|x64
		{582E8DAC-0C29-482D-88D9-4FECAB2E6A7C}.Release|x64.Build.0 = Release|x64
		{582E8DAC-0C29-482D-88D9-4FECAB2E6A7C}.Release|x86.ActiveCfg = Release|Win32
		{582E8DAC-0C29-482D-88D9-4FECAB2E6A7C}.Release|x86.Build.0 = Release|Win32
		{CCAF89ED-0806-4B7A-8ADF-10A45D9FBA3F}.Debug|x64.ActiveCfg = Debug|x64
		{CCAF89ED-0806-4B7A-8ADF-10A45D9FBA3F}.Debug|x64.Build.0 = Debug|x64
		{CCAF89ED-0806-4B7A-8ADF-10A45D9FBA3F}.Debug|x86.ActiveCfg = Debug|Win32
		{CCAF89ED-0806-4B7A-8ADF-10A45D9FBA3F}.Debug|x86.Build.0 = Debug|Win32
		{CCAF89ED-0806-4B7A-8ADF-10A45D9FBA3F}.Release|x64.ActiveCfg = Release|x64
		{CCAF89ED-0806-4B7A-8ADF-10A45D9FBA3F}.Release|x64.Build.0 = Release|x64
		{CCAF89ED-0806-4B7A-8ADF-10A45D9FBA3F}.Release|x86.ActiveCfg = Release|Win32
		{CCAF89ED-0806-4B7A-8ADF-10A45D9FBA3F}.Release|x86.Build.0 = Release|Win32
		{8770F264-5631-4992-A6B6-9340A3F159A2}.Debug|x64.ActiveCfg = Debug|x64
		{8770F264-5631-4992-A6B6-9340A3F159A2}.Debug|x64.Build.0 = Debug|x64
		{8770F264-5631-4992-A6B6-9340A3F159A2}.Debug|x86.ActiveCfg = Debug|Win32
		{8770F264-5631-4992-A6B6-9340A3F159A2}.Debug|x86.Build.0 = Debug|Win32
		{8770F264-5631-4992-A6B6-9340A3F159A2}.Release|x64.ActiveCfg = Release|x64
		{8770F264-5631-4992-A6B6-9340A3F159A2}.Release|x64.Build.0 = Release|x64
		{8770F264-5631-4992-A6B6-9340A3F159A2}.Release|x86.ActiveCfg = Release|Win32
		{8770F264-5631-4992-A6B6-9340A3F159A2}.Release|x86.Build.0 = Release|Win32
		{DF057DAB-6A2E-4289-92CB-3C12C38E330B}.Debug|x64.ActiveCfg = Debug|x64
		{DF057DAB-6A2E-4289-92CB-3C12C38E330B}.Debug|x64.Build.0 = Debug|x64
		{DF057DAB-6A2E-4289-92CB-3C12C38E330B}.Debug|x86.ActiveCfg = Debug|Win32
		{DF057DAB-6A2E-4289-92CB-3C12C38E330B}.Debug|x86.Build.0 = Debug|Win32
		{DF057DAB-6A2E-4289-92CB-3C12C38E330B}.Release|x64.ActiveCfg = Release|x64
		{DF057DAB-6A2E-4289-92CB-3C12C38E330B}.Release|x64.Build.0 = Release|x64
		{DF057DAB-6A2E-4289-92CB-3C12C38E330B}.Release|x86.ActiveCfg = Release|Win32
		{DF057DAB-6A2E-4289-92CB-3C12C38E330B}.Release|x86.Build.0 = Release|Win32
		{6789EFBB-6FE3-4E99-888A-A5256589BC9F}.Debug|x64.ActiveCfg = Debug|x64
		{6789EFBB-6FE3-4E99-888A-A5256589BC9F}.Debug|x64.Build.0 = Debug|x64
		{6789EFBB-6FE3-4E99-888A-A5256589BC9F}.Debug|x86.ActiveCfg = Debug|Win32
		{6789EFBB-6FE3-4E99-888A-A5256589BC9F}.Debug|x86.Build.0 = Debug|Win32
		{6789EFBB-6FE3-4E99-888A-A5256589BC9F}.Release|x64.ActiveCfg = Release|x64
		{6789EFBB-6FE3-4E99-888A-A5256589BC9F}.Release|x64.Build.0 = Release|x64
		{6789EFBB-6FE3-4E99-888A-A5256589BC9F}.Release|x86.ActiveCfg = Release|Win32
		{6789EFBB-6FE3-4E99-888A-A5256589BC9F}.Release|x86.Build.0 = Release|Win32
		{BECC3465-0684-4C7C-8A8B-CF220EAB4A62}.Debug|x64.ActiveCfg = Debug|x64
		{BECC3465-0684-4C7C-8A8B-CF220EAB4A62}.Debug|x64.Build.0 = Debug|x64
		{BECC3465-0684-4C7C-8A8B-CF220EAB4A62}.Debug|x86.ActiveCfg = Debug|Win32
		{BECC3465-0684-4C7C-8A8B-CF220EAB4A62}.Debug|x86.Build.0 = Debug|Win32
		{BECC3465-0684-4C7C-8A8B-CF220EAB4A62}.Release|x64.ActiveCfg = Release|x64
		{BECC3465-0684-4C7C-8A8B-CF220EAB4A62}.Release|x64.Build.0 = Release|x64
		{BECC3465-0684-4C7C-8A8B-CF220EAB4A62}.Release|x86.ActiveCfg = Release|Win32
		{BECC3465-0684-4C7C-8A8B-CF220EAB4A62}.Release|x86.Build.0 = Release|Win32
		{0DC856ED-ECF2-4045-8C3E-31F75EFA2F35}.Debug|x64.ActiveCfg = Debug|x64
		{0DC856ED-ECF2-4045-8C3E-31F75EFA2F35}.Debug|x64.Build.0 = Debug|x64
		{0DC856ED-ECF2-4045-8C3E-31F75EFA2F35}.Debug|x86.ActiveCfg = Debug|Win32
		{0DC856ED-ECF2-4045-8C3E-31F75EFA2F35}.Debug|x86.Build.0 = Debug|Win32
		{0DC856ED-ECF2-4045-8C3E-31F75EFA2F35}.Release|x64.ActiveCfg = Release|x64
		{0DC856ED-ECF2-4045-8C3E-31F75EFA2F35}.Release|x64.Build.0 = Release|x64
		{0DC856ED-ECF2-4045-8C3E-31F75EFA2F35}.Release|x86.ActiveCfg = Release|Win32
		{0DC856ED-ECF2-4045-8C3E-31F75EFA2F35}.Release|x86.Build.0 = Release|Win32
		{933DBF47-462D-458D-B8BA-7C650ABF48FC}.Debug|x64.ActiveCfg = Debug|x64
		{933DBF47-462D-458D-B8BA-7C650ABF48FC}.Debug|x64.Build.0 = Debug|x64
		{933DBF47-462D-458D-B8BA-7C650ABF48FC}.Debug|x86.ActiveCfg = Debug|Win32
		{933DBF47-462D-458D-B8BA-7C650ABF48FC}.Debug|x86.Build.0 = Debug|Win32
		{933DBF47-462D-458D-B8BA-7C650ABF48FC}.Release|x64.ActiveCfg = Release|x64
		{933DBF47-462D-458D-B8BA-7C650ABF48FC}.Release|x64.Build.0 = Release|x64
		{933DBF47-462D-458D-B8BA-7C650ABF48FC}.Release|x86.ActiveCfg = Release|Win32
		{933DBF47-462D-458D-B8BA-7C650ABF48FC}.Release|x86.Build.0 = Release|Win32
		{337F92B6-EF38-4A0F-B55F-8EB5D6680073}.Debug|x64.ActiveCfg = Debug|x64
		{337F92B6-EF38-4A0F-B55F-8EB5D6680073}.Debug|x64.Build.0 = Debug|x64
		{337F92B6-EF38-4A0F-B55F-8EB5D6680073}.Debug|x86.ActiveCfg = Debug|Win32
		{337F92B6-EF38-4A0F-B55F-8EB5D6680073}.Debug|x86.Build.0 = Debug|Win32
		{337F92B6-EF38-4A0F-B55F-8EB5D6680073}.Release|x64.ActiveCfg = Release|x64
		{337F92B6-EF38-4A0F-B55F-8EB5D6680073}.Release|x64.Build.0 = Release|x64
		{337F92B6-EF38-4A0F-B55F-8EB5D6680073}.Release|x86.ActiveCfg = Release|Win32
		{337F92B6-EF38-4A0F-B55F-8EB5D6680073}.Release|x86.Build.0 = Release|Win32
		{862CE3D1-3B8F-4507-BDCE-28BC7BC78752}.Debug|x64.ActiveCfg = Debug|x64
		{862CE3D1-3B8F-4507-BDCE-28BC7BC78752}.Debug|x64.Build.0 = Debug|x64
		{862CE3D1-3B8F-4507-BDCE-28BC7BC78752}.Debug|x86.ActiveCfg = Debug|Win32
		{862CE3D1-3B8F-4507-BDCE-28BC7BC78752}.Debug|x86.Build.0 = Debug|Win32
		{862CE3D1-3B8F-4507-BDCE-28BC7BC78752}.Release|x64.ActiveCfg = Release|x64
		{862CE3D1-3B8F-4507-BDCE-28BC7BC78752}.Release|x64.Build.0 = Release|x64
		{862CE3D1-3B8F-4507-BDCE-28BC7BC78752}.Release|x86.ActiveCfg = Release|Win32
		{862CE3D1-3B8F-4507-BDCE-28BC7BC78752}.Release|x86.Build.0 = Release|Win32
		{C38E0652-9481-443A-B807-92C9759FC9B7}.Debug|x64.ActiveCfg = Debug|x64
		{C38E0652-9481-443A-B807-92C9759FC9B7}.Debug|x64.Build.0 = Debug|x64
		{C38E0652-9481-443A-B807-92C9759FC9B7}.Debug|x86.ActiveCfg = Debug|Win32
		{C38E0652-9481-443A-B807-92C9759FC9B7}.Debug|x86.Build.0 = Debug|Win32
		{C38E0652-9481-443A-B807-92C9759FC9B7}.Release|x64.ActiveCfg = Release|x64
		{C38E0652-9481-443A-B807-92C9759FC9B7}.Release|x64.Build.0 = Release|x64
		{C38E0652-9481-443A-B807-92C9759FC9B7}.Release|x86.ActiveCfg = Release|Win32
		{C38E0652-9481-443A-B807-92C9759FC9B7}.Release|x86.Build.0 = Release|Win32
		{4D6F2B0D-9D1F-417D-9384-C5131BF41747}.Debug|x64.ActiveCfg = Debug|x64
		{4D6F2B0D-9D1F-417D-9384-C5131BF41747}.Debug|x64.Build.0 = Debug|x64
		{4D6F2B0D-9D1F-417D-9384-C5131BF41747}.Debug|x86.ActiveCfg = Debug|Win32
		{4D6F2B0D-9D1F-417D-9384-C5131BF41747}.Debug|x86.Build.0 = Debug|Win32
		{4D6F2B0D-9D1F-417D-9384-C5131BF41747}.Release|x64.ActiveCfg = Release|x64
		{4D6F2B0D-9D1F-417D-9384-C5131BF41747}.Release|x64.Build.0 = Release|x64
		{4D6F2B0D-9D1F-417D-9384-C5131BF41747}.Release|x86.ActiveCfg = Release|Win32
		{4D6F2B0D-9D1F-417D-9384-C5131BF41747}.Release|x86.Build.0 = Release|Win32
		{0E8375F6-5E2B-4A31-B9CD-FCEFC5F82AA3}.Debug|x64.ActiveCfg = Debug|x64
		{0E8375F6-5E2B-4A31-B9CD-FCEFC5F82AA3}.Debug|x64.Build.0 = Debug|x64
		{0E8375F6-5E2B-4A31-B9CD-FCEFC5F82AA3}.Debug|x86.ActiveCfg = Debug|Win32
		{0E8375F6-5E2B-4A31-B9CD-FCEFC5F82AA3}.Debug|x86.Build.0 = Debug|Win32
		{0E8375F6-5E2B-4A31-B9CD-FCEFC5F82AA3}.Release|x64.ActiveCfg = Release|x64
		{0E8375F6-5E2B-4A31-B9CD-FCEFC5F82AA3}.Release|x64.Build.0 = Release|x64
		{0E8375F6-5E2B-4A31-B9CD-FCEFC5F82AA3}.Release|x86.ActiveCfg = Release|Win32
		{0E8375F6-5E2B-4A31-B9CD-FCEFC5F82AA3}.Release|x86.Build.0 = Release|Win32
		{E6A5D759-4D7F-496D-AB36-739D0C0668AF}.Debug|x64.ActiveCfg = Debug|x64
		{E6A5D759-4D7F-496D-AB36-739D0C0668AF}.Debug|x64.Build.0 = Debug|x64
		{E6A5D759-4D7F-496D-AB36-739D0C0668AF}.Debug|x86.ActiveCfg = Debug|Win32
		{E6A5D759-4D7F-496D-AB36-739D0C0668AF}.Debug|x86.Build.0 = Debug|Win32
		{E6A5D759-4D7F-496D-AB36-739D0C0668AF}.Release|x64.ActiveCfg = Release|x64
		{E6A5D759-4D7F-496D-AB36-739D0C0668AF}.Release|x64.Build.0 = Release|x64
		{E6A5D759-4D7F-496D-AB36-739D0C0668AF}.Release|x86.ActiveCfg = Release|Win32
		{E6A5D759-4D7F-496D-AB36-739D0C0668AF}.Release|x86.Build.0 = Release|Win32
		{4D30FB91-0369-483E-AA79-B51509241EF8}.Debug|x64.ActiveCfg = Debug|x64
		{4D30FB91-0369-483E-AA79-B51509241EF8}.Debug|x64.Build.0 = Debug|x64
		{4D30FB91-0369-483E-AA79-B51509241EF8}.Debug|x86.ActiveCfg = Debug|Win32
		{4D30FB91-0369-483E-AA79-B51509241EF8}.Debug|x86.Build.0 = Debug|Win32
		{4D30FB91-0369-483E-AA79-B51509241EF8}.Release|x64.ActiveCfg = Release|x64
		{4D30FB91-0369-483E-AA79-B51509241EF8}.Release|x64.Build.0 = Release|x64
		{4D30FB91-0369-483E-AA79-B51509241EF8}.Release|x86.ActiveCfg = Release|Win32
		{4D30FB91-0369-483E-AA79-B51509241EF8}.Release|x86.Build.0 = Release|Win32
		{28564756-D206-4D4E-B198-3F8BFD6B64F4}.Debug|x64.ActiveCfg = Debug|x64
		{28564756-D206-4D4E-B198-3F8BFD6B64F4}.Debug|x64.Build.0 = Debug|x64
		{28564756-D206-4D4E-B198-3F8BFD6B64F4}.Debug|x86.ActiveCfg = Debug|Win32
		{28564756-D206-4D4E-B198-3F8BFD6B64F4}.Debug|x86.Build.0 = Debug|Win32
		{28564756-D206-4D4E-B198-3F8BFD6B64F4}.Release|x64.ActiveCfg = Release|x64
		{28564756-D206-4D4E-B198-3F8BFD6B64F4}.Release|x64.Build.0 = Release|x64
		{28564756-D206-4D4E-B198-3F8BFD6B64F4}.Release|x86.ActiveCfg = Release|Win32
		{28564756-D206-4D4E-B198-3F8BFD6B64F4}.Release|x86.Build.0 = Release|Win32
		{6EDF148F-A8A1-42E9-AA43-617668C96A25}.Debug|x64.ActiveCfg = Debug|x64
		{6EDF148F-A8A1-42E9-AA43-617668C96A25}.Debug|x64.Build.0 = Debug|x64
		{6EDF148F-A8A1-42E9-AA43-617668C96A25}.Debug|x86.ActiveCfg = Debug|Win32
		{6EDF148F-A8A1-42E9-AA43-617668C96A25}.Debug|x86.Build.0 = Debug|Win32
		{6EDF148F-A8A1-42E9-AA43-617668C96A25}.Release|x64.ActiveCfg = Release|x64
		{6EDF148F-A8A1-42E9-AA43-617668C96A25}.Release|x64.Build.0 = Release|x64
		{6EDF148F-A8A1-42E9-AA43-617668C96A25}.Release|x86.ActiveCfg = Release|Win32
		{6EDF148F-A8A1-42E9-AA43-617668C96A25}.Release|x86.Build.0 = Release|Win32
		{396C4C79-F805-42A7-B214-1AB608168B9A}.Debug|x64.ActiveCfg = Debug|x64
		{396C4C79-F805-42A7-B214-1AB608168B9A}.Debug|x64.Build.0 = Debug|x64
		{396C4C79-F805-42A7-B214-1AB608168B9A}.Debug|x86.ActiveCfg = Debug|Win32
		{396C4C79-F805-42A7-B214-1AB608168B9A}.Debug|x86.Build.0 = Debug|Win32
		{396C4C79-F805-42A7-B214-1AB608168B9A}.Release|x64.ActiveCfg = Release|x64
		{396C4C79-F805-42A7-B214-1AB608168B9A}.Release|x64.Build.0 = Release|x64
		{396C4C79-F805-42A7-B214-1AB608168B9A}.Release|x86.ActiveCfg = Release|Win32
		{396C4C79-F805-42A7-B214-1AB608168B9A}.Release|x86.Build.0 = Release|Win32
	EndGlobalSection
	GlobalSection(SolutionProperties) = preSolution
		HideSolutionNode = FALSE
	EndGlobalSection
	GlobalSection(ExtensibilityGlobals) = postSolution
		SolutionGuid = {B72990AB-0286-4044-BAC8-424363B1F3AD}
	EndGlobalSection
EndGlobal
