
Microsoft Visual Studio Solution File, Format Version 12.00
# Visual Studio Version 17
VisualStudioVersion = 17.3.32811.315
MinimumVisualStudioVersion = 10.0.40219.1
Project("{8BC9CEB8-8B4A-11D0-8D11-00A0C91BC942}") = "高精度除法", "高精度除法.vcxproj", "{484C1899-BF99-457A-A820-713A5EF8B88F}"
EndProject
Global
	GlobalSection(SolutionConfigurationPlatforms) = preSolution
		Debug|x64 = Debug|x64
		Debug|x86 = Debug|x86
		Release|x64 = Release|x64
		Release|x86 = Release|x86
	EndGlobalSection
	GlobalSection(ProjectConfigurationPlatforms) = postSolution
		{484C1899-BF99-457A-A820-713A5EF8B88F}.Debug|x64.ActiveCfg = Debug|x64
		{484C1899-BF99-457A-A820-713A5EF8B88F}.Debug|x64.Build.0 = Debug|x64
		{484C1899-BF99-457A-A820-713A5EF8B88F}.Debug|x86.ActiveCfg = Debug|Win32
		{484C1899-BF99-457A-A820-713A5EF8B88F}.Debug|x86.Build.0 = Debug|Win32
		{484C1899-BF99-457A-A820-713A5EF8B88F}.Release|x64.ActiveCfg = Release|x64
		{484C1899-BF99-457A-A820-713A5EF8B88F}.Release|x64.Build.0 = Release|x64
		{484C1899-BF99-457A-A820-713A5EF8B88F}.Release|x86.ActiveCfg = Release|Win32
		{484C1899-BF99-457A-A820-713A5EF8B88F}.Release|x86.Build.0 = Release|Win32
	EndGlobalSection
	GlobalSection(SolutionProperties) = preSolution
		HideSolutionNode = FALSE
	EndGlobalSection
	GlobalSection(ExtensibilityGlobals) = postSolution
		SolutionGuid = {C3A01D83-67D2-443F-A6FF-8D6DD5FBB908}
	EndGlobalSection
EndGlobal
